{
  "object": {
    "pins": [
      {
        "package": "Alamofire",
        "repositoryURL": "https://github.com/Alamofire/Alamofire.git",
        "state": {
          "branch": null,
          "revision": "fca036f7aeca07124067cb6e0c12b0ad6359e3d4",
          "version": "5.1.0"
        }
      },
      {
        "package": "ClockTimePicker",
        "repositoryURL": "https://github.com/workingDog/ClockTimePicker.git",
        "state": {
          "branch": null,
          "revision": "ae52aa5a2ba15436049faec86d45c9de03294581",
          "version": "1.0.3"
        }
      },
      {
        "package": "KeychainAccess",
        "repositoryURL": "https://github.com/kishikawakatsumi/KeychainAccess.git",
        "state": {
          "branch": null,
          "revision": "b920ad7df3c73189dcdd4aa05c540849b2010dbf",
          "version": "4.1.0"
        }
      },
      {
        "package": "Mantis",
        "repositoryURL": "https://github.com/guoyingtao/Mantis.git",
        "state": {
          "branch": null,
          "revision": "b5c0dcbf366b1390274a3d8092faa2725e02dc35",
          "version": "1.0.0"
        }
      },
      {
        "package": "RxSwift",
        "repositoryURL": "https://github.com/ReactiveX/RxSwift.git",
        "state": {
          "branch": null,
          "revision": "002d325b0bdee94e7882e1114af5ff4fe1e96afa",
          "version": "5.1.1"
        }
      },
      {
        "package": "URLImage",
        "repositoryURL": "https://github.com/dmytro-anokhin/url-image.git",
        "state": {
          "branch": null,
          "revision": "dc913391b6fc0c9de283ef111eb90d0e9abf4c36",
          "version": "0.9.10"
        }
      }
    ]
  },
  "version": 1
}
