// !$*UTF8*$!
{
	archiveVersion = 1;
	classes = {
	};
	objectVersion = 52;
	objects = {

/* Begin PBXBuildFile section */
		1100E39ED90C4773F7B05C27 /* Pods_JouleBookUITests.framework in Frameworks */ = {isa = PBXBuildFile; fileRef = 9CE99E8ADD1B8CDF12854F29 /* Pods_JouleBookUITests.framework */; };
		2C06ECAC23F6AC4300EDC750 /* SignUp.swift in Sources */ = {isa = PBXBuildFile; fileRef = 2C06ECAB23F6AC4300EDC750 /* SignUp.swift */; };
		2C06ECAE23F6AD4000EDC750 /* UserView.swift in Sources */ = {isa = PBXBuildFile; fileRef = 2C06ECAD23F6AD4000EDC750 /* UserView.swift */; };
		2C49809F23ED0A8100F2FB33 /* AppDelegate.swift in Sources */ = {isa = PBXBuildFile; fileRef = 2C49809E23ED0A8100F2FB33 /* AppDelegate.swift */; };
		2C4980A123ED0A8100F2FB33 /* SceneDelegate.swift in Sources */ = {isa = PBXBuildFile; fileRef = 2C4980A023ED0A8100F2FB33 /* SceneDelegate.swift */; };
		2C4980A323ED0A8100F2FB33 /* ContentView.swift in Sources */ = {isa = PBXBuildFile; fileRef = 2C4980A223ED0A8100F2FB33 /* ContentView.swift */; };
		2C4980A523ED0A9100F2FB33 /* Assets.xcassets in Resources */ = {isa = PBXBuildFile; fileRef = 2C4980A423ED0A9100F2FB33 /* Assets.xcassets */; };
		2C4980A823ED0A9100F2FB33 /* Preview Assets.xcassets in Resources */ = {isa = PBXBuildFile; fileRef = 2C4980A723ED0A9100F2FB33 /* Preview Assets.xcassets */; };
		2C4980AB23ED0A9100F2FB33 /* LaunchScreen.storyboard in Resources */ = {isa = PBXBuildFile; fileRef = 2C4980A923ED0A9100F2FB33 /* LaunchScreen.storyboard */; };
		2C4980B623ED0A9200F2FB33 /* JouleBookUITests.swift in Sources */ = {isa = PBXBuildFile; fileRef = 2C4980B523ED0A9200F2FB33 /* JouleBookUITests.swift */; };
		2C4980C123ED0A9200F2FB33 /* JouleBookUIUITests.swift in Sources */ = {isa = PBXBuildFile; fileRef = 2C4980C023ED0A9200F2FB33 /* JouleBookUIUITests.swift */; };
		2C9DF2E723F66F1300B576BB /* URLImage in Frameworks */ = {isa = PBXBuildFile; productRef = 2C9DF2E623F66F1300B576BB /* URLImage */; settings = {ATTRIBUTES = (Weak, ); }; };
		2CC355C023F4EFF4003C7FE4 /* DealJsonDatas.swift in Sources */ = {isa = PBXBuildFile; fileRef = 2CC355BF23F4EFF4003C7FE4 /* DealJsonDatas.swift */; };
		2CC355C323F56544003C7FE4 /* DealList.swift in Sources */ = {isa = PBXBuildFile; fileRef = 2CC355C223F56544003C7FE4 /* DealList.swift */; };
		2CD0599B23ED47C80031D99D /* CircleImage.swift in Sources */ = {isa = PBXBuildFile; fileRef = 2CD0599A23ED47C80031D99D /* CircleImage.swift */; };
		2CD0599F23ED5A0D0031D99D /* MapView.swift in Sources */ = {isa = PBXBuildFile; fileRef = 2CD0599E23ED5A0D0031D99D /* MapView.swift */; };
		2CF5AEBF23EEC09A0049A940 /* ItemDealListRow.swift in Sources */ = {isa = PBXBuildFile; fileRef = 2CF5AEBE23EEC09A0049A940 /* ItemDealListRow.swift */; };
		55FAC427CF4B0531DAB012FD /* Pods_JouleBookUI.framework in Frameworks */ = {isa = PBXBuildFile; fileRef = 6767B89603A5EA9D940D7453 /* Pods_JouleBookUI.framework */; };
		B238F15F1C3DF319A496B7E0 /* Pods_JouleBookUI_JouleBookUIUITests.framework in Frameworks */ = {isa = PBXBuildFile; fileRef = C17021A35C70F92CA1B9B177 /* Pods_JouleBookUI_JouleBookUIUITests.framework */; };
		BF025AFE23FFE04800BAF9A4 /* PhoneVerification.swift in Sources */ = {isa = PBXBuildFile; fileRef = BF025AFD23FFE04800BAF9A4 /* PhoneVerification.swift */; };
		BF025B022400E4EB00BAF9A4 /* SmallTextLink.swift in Sources */ = {isa = PBXBuildFile; fileRef = BF025B012400E4EB00BAF9A4 /* SmallTextLink.swift */; };
		BF025B0724010E5800BAF9A4 /* PageViewController.swift in Sources */ = {isa = PBXBuildFile; fileRef = BF025B0624010E5800BAF9A4 /* PageViewController.swift */; };
		BF025B0924010E9E00BAF9A4 /* PageControl.swift in Sources */ = {isa = PBXBuildFile; fileRef = BF025B0824010E9E00BAF9A4 /* PageControl.swift */; };
		BF025B0B24010F5300BAF9A4 /* SubSliderView.swift in Sources */ = {isa = PBXBuildFile; fileRef = BF025B0A24010F5300BAF9A4 /* SubSliderView.swift */; };
		BF025B0D24010FDB00BAF9A4 /* Welcome.swift in Sources */ = {isa = PBXBuildFile; fileRef = BF025B0C24010FDB00BAF9A4 /* Welcome.swift */; };
		BF109394241E2AE500EC7B9A /* FormattedTextField.swift in Sources */ = {isa = PBXBuildFile; fileRef = BF109393241E2AE500EC7B9A /* FormattedTextField.swift */; };
		BF16B91124014097005CEE07 /* MainMenu.swift in Sources */ = {isa = PBXBuildFile; fileRef = BF16B91024014097005CEE07 /* MainMenu.swift */; };
		BF16B913240142CC005CEE07 /* IconText.swift in Sources */ = {isa = PBXBuildFile; fileRef = BF16B912240142CC005CEE07 /* IconText.swift */; };
		BF334CBA24123E5C009B3218 /* MyAccount.swift in Sources */ = {isa = PBXBuildFile; fileRef = BF334CB924123E5C009B3218 /* MyAccount.swift */; };
		BF334CBE241247C7009B3218 /* MyProfile.swift in Sources */ = {isa = PBXBuildFile; fileRef = BF334CBD241247C7009B3218 /* MyProfile.swift */; };
		BF3535B02418827A001EE48C /* AddImageBtn.swift in Sources */ = {isa = PBXBuildFile; fileRef = BF3535AF2418827A001EE48C /* AddImageBtn.swift */; };
		BF3DFD82241F6EB2004EFDFC /* ClockTimePicker in Frameworks */ = {isa = PBXBuildFile; productRef = BF3DFD81241F6EB2004EFDFC /* ClockTimePicker */; };
		BF48073124284ADF003598C5 /* Vehicles.swift in Sources */ = {isa = PBXBuildFile; fileRef = BF48073024284ADF003598C5 /* Vehicles.swift */; };
		BF496FE72411195E00048EAB /* AccountMenus.swift in Sources */ = {isa = PBXBuildFile; fileRef = BF496FE62411195E00048EAB /* AccountMenus.swift */; };
		BF524FF324247EEF0063AE01 /* CandidateItemRow.swift in Sources */ = {isa = PBXBuildFile; fileRef = BF524FF224247EEF0063AE01 /* CandidateItemRow.swift */; };
		BF524FF524247F1B0063AE01 /* Candidate.swift in Sources */ = {isa = PBXBuildFile; fileRef = BF524FF424247F1B0063AE01 /* Candidate.swift */; };
		BF524FF724251AB70063AE01 /* Texts.swift in Sources */ = {isa = PBXBuildFile; fileRef = BF524FF624251AB70063AE01 /* Texts.swift */; };
		BF5D512423FA366C00D7048B /* Deal.swift in Sources */ = {isa = PBXBuildFile; fileRef = BF5D512323FA366C00D7048B /* Deal.swift */; };
		BF5D512623FA36DA00D7048B /* DealDetail.swift in Sources */ = {isa = PBXBuildFile; fileRef = BF5D512523FA36DA00D7048B /* DealDetail.swift */; };
		BF5D512823FA6E4300D7048B /* (null) in Embed Frameworks */ = {isa = PBXBuildFile; settings = {ATTRIBUTES = (CodeSignOnCopy, RemoveHeadersOnCopy, ); }; };
		BF60DCAC241BD75E00F86FE8 /* AddLicenseForm.swift in Sources */ = {isa = PBXBuildFile; fileRef = BF60DCAB241BD75E00F86FE8 /* AddLicenseForm.swift */; };
		BF60DCAE241BD91900F86FE8 /* AddVehicleForm.swift in Sources */ = {isa = PBXBuildFile; fileRef = BF60DCAD241BD91900F86FE8 /* AddVehicleForm.swift */; };
		BF60DCB0241BDBD400F86FE8 /* AddInsuranceForm.swift in Sources */ = {isa = PBXBuildFile; fileRef = BF60DCAF241BDBD400F86FE8 /* AddInsuranceForm.swift */; };
		BF60DCB2241BE6AE00F86FE8 /* VehicleItemRow.swift in Sources */ = {isa = PBXBuildFile; fileRef = BF60DCB1241BE6AE00F86FE8 /* VehicleItemRow.swift */; };
		BF60DCB4241BE89900F86FE8 /* InsuranceItemRow.swift in Sources */ = {isa = PBXBuildFile; fileRef = BF60DCB3241BE89900F86FE8 /* InsuranceItemRow.swift */; };
		BF60DCB6241BF6B900F86FE8 /* BottomSheetView.swift in Sources */ = {isa = PBXBuildFile; fileRef = BF60DCB5241BF6B900F86FE8 /* BottomSheetView.swift */; };
		BF75D2AB24179DB8005048B4 /* EditSkills.swift in Sources */ = {isa = PBXBuildFile; fileRef = BF75D2AA24179DB8005048B4 /* EditSkills.swift */; };
		BF75D2AD2417A324005048B4 /* Licenses.swift in Sources */ = {isa = PBXBuildFile; fileRef = BF75D2AC2417A324005048B4 /* Licenses.swift */; };
		BF75D2AF2417A353005048B4 /* LicenseItemRow.swift in Sources */ = {isa = PBXBuildFile; fileRef = BF75D2AE2417A353005048B4 /* LicenseItemRow.swift */; };
		BF7ED189240B76FC00788A6D /* StaticStrings.swift in Sources */ = {isa = PBXBuildFile; fileRef = BF7ED188240B76FC00788A6D /* StaticStrings.swift */; };
		BF84F2EE2406644600F75839 /* ItemJobListRow.swift in Sources */ = {isa = PBXBuildFile; fileRef = BF84F2ED2406644600F75839 /* ItemJobListRow.swift */; };
		BF84F2F02406646700F75839 /* Job.swift in Sources */ = {isa = PBXBuildFile; fileRef = BF84F2EF2406646700F75839 /* Job.swift */; };
		BF84F2F2240664C000F75839 /* Coordinates.swift in Sources */ = {isa = PBXBuildFile; fileRef = BF84F2F1240664C000F75839 /* Coordinates.swift */; };
		BF84F2F42406886700F75839 /* ImageUrl.swift in Sources */ = {isa = PBXBuildFile; fileRef = BF84F2F32406886700F75839 /* ImageUrl.swift */; };
		BF84F2F624068D9300F75839 /* Fonts.swift in Sources */ = {isa = PBXBuildFile; fileRef = BF84F2F524068D9300F75839 /* Fonts.swift */; };
		BF84F2F82406BC6C00F75839 /* JobDetail.swift in Sources */ = {isa = PBXBuildFile; fileRef = BF84F2F72406BC6C00F75839 /* JobDetail.swift */; };
		BF84F2FA2406C31E00F75839 /* Jobs.json in Resources */ = {isa = PBXBuildFile; fileRef = BF84F2F92406C31E00F75839 /* Jobs.json */; };
		BF84F2FC2407641800F75839 /* BaseView.swift in Sources */ = {isa = PBXBuildFile; fileRef = BF84F2FB2407641700F75839 /* BaseView.swift */; };
		BF84F2FE24077BCB00F75839 /* ViewRouter.swift in Sources */ = {isa = PBXBuildFile; fileRef = BF84F2FD24077BCB00F75839 /* ViewRouter.swift */; };
		BF84F300240781DF00F75839 /* VTextIcon.swift in Sources */ = {isa = PBXBuildFile; fileRef = BF84F2FF240781DE00F75839 /* VTextIcon.swift */; };
		BF84F3022408CF9600F75839 /* UserDefault.swift in Sources */ = {isa = PBXBuildFile; fileRef = BF84F3012408CF9400F75839 /* UserDefault.swift */; };
		BF84F3052409694700F75839 /* Authentication.swift in Sources */ = {isa = PBXBuildFile; fileRef = BF84F3042409694600F75839 /* Authentication.swift */; };
		BF84F307240984BA00F75839 /* ApiRequests.swift in Sources */ = {isa = PBXBuildFile; fileRef = BF84F306240984BA00F75839 /* ApiRequests.swift */; };
		BF85968324261B9600CDDAC1 /* InstantCatView.swift in Sources */ = {isa = PBXBuildFile; fileRef = BF85968224261B9600CDDAC1 /* InstantCatView.swift */; };
		BF8A7C7B240A718C004A45CA /* Client.swift in Sources */ = {isa = PBXBuildFile; fileRef = BF8A7C7A240A718C004A45CA /* Client.swift */; };
		BF8A7C7D240A74BB004A45CA /* Endpoint.swift in Sources */ = {isa = PBXBuildFile; fileRef = BF8A7C7C240A74BB004A45CA /* Endpoint.swift */; };
		BF8A7C7F240ACCCE004A45CA /* HttpAuth.swift in Sources */ = {isa = PBXBuildFile; fileRef = BF8A7C7E240ACCCE004A45CA /* HttpAuth.swift */; };
		BF8B386224270F4500F003DA /* Candidatedetail.swift in Sources */ = {isa = PBXBuildFile; fileRef = BF8B386124270F4500F003DA /* Candidatedetail.swift */; };
		BF8D52C42413556700545DB4 /* ProviderProfile.swift in Sources */ = {isa = PBXBuildFile; fileRef = BF8D52C32413556700545DB4 /* ProviderProfile.swift */; };
		BF8D5D3B240384290052BFB0 /* Home.swift in Sources */ = {isa = PBXBuildFile; fileRef = BF8D5D3A240384290052BFB0 /* Home.swift */; };
		BF8D5D3D2403845F0052BFB0 /* InstantCategoryRow.swift in Sources */ = {isa = PBXBuildFile; fileRef = BF8D5D3C2403845F0052BFB0 /* InstantCategoryRow.swift */; };
		BF8D5D3F2403E0710052BFB0 /* BottomMainMenus.swift in Sources */ = {isa = PBXBuildFile; fileRef = BF8D5D3E2403E0710052BFB0 /* BottomMainMenus.swift */; };
		BF8D5D412403E2F60052BFB0 /* GetHired.swift in Sources */ = {isa = PBXBuildFile; fileRef = BF8D5D402403E2F60052BFB0 /* GetHired.swift */; };
		BF8D5D432403E30C0052BFB0 /* Hire.swift in Sources */ = {isa = PBXBuildFile; fileRef = BF8D5D422403E30C0052BFB0 /* Hire.swift */; };
		BF8D5D452403E3210052BFB0 /* Summary.swift in Sources */ = {isa = PBXBuildFile; fileRef = BF8D5D442403E3210052BFB0 /* Summary.swift */; };
		BF8D5D472403E3340052BFB0 /* Schedule.swift in Sources */ = {isa = PBXBuildFile; fileRef = BF8D5D462403E3340052BFB0 /* Schedule.swift */; };
		BF8D5D492405055E0052BFB0 /* TopTabbar.swift in Sources */ = {isa = PBXBuildFile; fileRef = BF8D5D482405055E0052BFB0 /* TopTabbar.swift */; };
		BF8D5D4D240581330052BFB0 /* GridCollection.swift in Sources */ = {isa = PBXBuildFile; fileRef = BF8D5D4C240581320052BFB0 /* GridCollection.swift */; };
		BF8D5D4F240591D20052BFB0 /* RatingBar.swift in Sources */ = {isa = PBXBuildFile; fileRef = BF8D5D4E240591D20052BFB0 /* RatingBar.swift */; };
		BF930A8B240BA26B009AFB65 /* RequestInterceptor.swift in Sources */ = {isa = PBXBuildFile; fileRef = BF930A8A240BA26B009AFB65 /* RequestInterceptor.swift */; };
		BFA119DD23FAB6E4005AEEC0 /* Deals.json in Resources */ = {isa = PBXBuildFile; fileRef = BFA119DC23FAB6E4005AEEC0 /* Deals.json */; };
		BFA119DF23FAF15C005AEEC0 /* HorizontalLine.swift in Sources */ = {isa = PBXBuildFile; fileRef = BFA119DE23FAF15C005AEEC0 /* HorizontalLine.swift */; };
		BFA119E423FAF622005AEEC0 /* Colors.swift in Sources */ = {isa = PBXBuildFile; fileRef = BFA119E323FAF622005AEEC0 /* Colors.swift */; };
		BFA119E623FAFB20005AEEC0 /* Buttons.swift in Sources */ = {isa = PBXBuildFile; fileRef = BFA119E523FAFB20005AEEC0 /* Buttons.swift */; };
		BFA119E823FBF30D005AEEC0 /* Dimens.swift in Sources */ = {isa = PBXBuildFile; fileRef = BFA119E723FBF30D005AEEC0 /* Dimens.swift */; };
		BFA119EA23FC021E005AEEC0 /* SignIn.swift in Sources */ = {isa = PBXBuildFile; fileRef = BFA119E923FC021E005AEEC0 /* SignIn.swift */; };
		BFA30E752423CC230041004A /* DateFunc.swift in Sources */ = {isa = PBXBuildFile; fileRef = BFA30E742423CC230041004A /* DateFunc.swift */; };
		BFC15C212413BD21006C245B /* TagList.swift in Sources */ = {isa = PBXBuildFile; fileRef = BFC15C202413BD21006C245B /* TagList.swift */; };
		BFDB8D6B241C903100620B5E /* AddDealForm.swift in Sources */ = {isa = PBXBuildFile; fileRef = BFDB8D6A241C903100620B5E /* AddDealForm.swift */; };
		BFDB8D6E241C904B00620B5E /* AddJobForm.swift in Sources */ = {isa = PBXBuildFile; fileRef = BFDB8D6D241C904B00620B5E /* AddJobForm.swift */; };
		BFDB8D70241CF3C200620B5E /* DateTimeOptions.swift in Sources */ = {isa = PBXBuildFile; fileRef = BFDB8D6F241CF3C200620B5E /* DateTimeOptions.swift */; };
		BFDB8D72241D1A1800620B5E /* TimeSlots.swift in Sources */ = {isa = PBXBuildFile; fileRef = BFDB8D71241D1A1800620B5E /* TimeSlots.swift */; };
		BFEF59A724207B7E00762AE5 /* TimeOptions.swift in Sources */ = {isa = PBXBuildFile; fileRef = BFEF59A624207B7E00762AE5 /* TimeOptions.swift */; };
		BFEF59B02420D6F400762AE5 /* RKDate.swift in Sources */ = {isa = PBXBuildFile; fileRef = BFEF59A92420D6F300762AE5 /* RKDate.swift */; };
		BFEF59B12420D6F400762AE5 /* RKMonth.swift in Sources */ = {isa = PBXBuildFile; fileRef = BFEF59AA2420D6F400762AE5 /* RKMonth.swift */; };
		BFEF59B22420D6F400762AE5 /* RKCell.swift in Sources */ = {isa = PBXBuildFile; fileRef = BFEF59AB2420D6F400762AE5 /* RKCell.swift */; };
		BFEF59B32420D6F400762AE5 /* RKViewController.swift in Sources */ = {isa = PBXBuildFile; fileRef = BFEF59AC2420D6F400762AE5 /* RKViewController.swift */; };
		BFEF59B42420D6F400762AE5 /* RKColorSettings.swift in Sources */ = {isa = PBXBuildFile; fileRef = BFEF59AD2420D6F400762AE5 /* RKColorSettings.swift */; };
		BFEF59B52420D6F400762AE5 /* RKManager.swift in Sources */ = {isa = PBXBuildFile; fileRef = BFEF59AE2420D6F400762AE5 /* RKManager.swift */; };
		BFEF59B62420D6F400762AE5 /* RKWeekdayHeader.swift in Sources */ = {isa = PBXBuildFile; fileRef = BFEF59AF2420D6F400762AE5 /* RKWeekdayHeader.swift */; };
		BFEF59BA2420DDB200762AE5 /* DateSelectorModal.swift in Sources */ = {isa = PBXBuildFile; fileRef = BFEF59B92420DDB200762AE5 /* DateSelectorModal.swift */; };
/* End PBXBuildFile section */

/* Begin PBXContainerItemProxy section */
		2C4980B223ED0A9200F2FB33 /* PBXContainerItemProxy */ = {
			isa = PBXContainerItemProxy;
			containerPortal = 2C49809323ED0A8100F2FB33 /* Project object */;
			proxyType = 1;
			remoteGlobalIDString = 2C49809A23ED0A8100F2FB33;
			remoteInfo = JouleBookUI;
		};
		2C4980BD23ED0A9200F2FB33 /* PBXContainerItemProxy */ = {
			isa = PBXContainerItemProxy;
			containerPortal = 2C49809323ED0A8100F2FB33 /* Project object */;
			proxyType = 1;
			remoteGlobalIDString = 2C49809A23ED0A8100F2FB33;
			remoteInfo = JouleBookUI;
		};
/* End PBXContainerItemProxy section */

/* Begin PBXCopyFilesBuildPhase section */
		BF5D512923FA6E4300D7048B /* Embed Frameworks */ = {
			isa = PBXCopyFilesBuildPhase;
			buildActionMask = 2147483647;
			dstPath = "";
			dstSubfolderSpec = 10;
			files = (
				BF5D512823FA6E4300D7048B /* (null) in Embed Frameworks */,
			);
			name = "Embed Frameworks";
			runOnlyForDeploymentPostprocessing = 0;
		};
/* End PBXCopyFilesBuildPhase section */

/* Begin PBXFileReference section */
		12A0A4F74FFEE70E03998D14 /* Pods-JouleBookUI-JouleBookUIUITests.debug.xcconfig */ = {isa = PBXFileReference; includeInIndex = 1; lastKnownFileType = text.xcconfig; name = "Pods-JouleBookUI-JouleBookUIUITests.debug.xcconfig"; path = "Target Support Files/Pods-JouleBookUI-JouleBookUIUITests/Pods-JouleBookUI-JouleBookUIUITests.debug.xcconfig"; sourceTree = "<group>"; };
		168071E6FD3AE0C747D32F37 /* Pods-JouleBookUITests.debug.xcconfig */ = {isa = PBXFileReference; includeInIndex = 1; lastKnownFileType = text.xcconfig; name = "Pods-JouleBookUITests.debug.xcconfig"; path = "Target Support Files/Pods-JouleBookUITests/Pods-JouleBookUITests.debug.xcconfig"; sourceTree = "<group>"; };
		1C6D2F49FD2F656F64482C99 /* Pods-JouleBookUI.debug.xcconfig */ = {isa = PBXFileReference; includeInIndex = 1; lastKnownFileType = text.xcconfig; name = "Pods-JouleBookUI.debug.xcconfig"; path = "Target Support Files/Pods-JouleBookUI/Pods-JouleBookUI.debug.xcconfig"; sourceTree = "<group>"; };
		2C06ECAB23F6AC4300EDC750 /* SignUp.swift */ = {isa = PBXFileReference; lastKnownFileType = sourcecode.swift; path = SignUp.swift; sourceTree = "<group>"; };
		2C06ECAD23F6AD4000EDC750 /* UserView.swift */ = {isa = PBXFileReference; lastKnownFileType = sourcecode.swift; path = UserView.swift; sourceTree = "<group>"; };
		2C49809B23ED0A8100F2FB33 /* JouleBookUI.app */ = {isa = PBXFileReference; explicitFileType = wrapper.application; includeInIndex = 0; path = JouleBookUI.app; sourceTree = BUILT_PRODUCTS_DIR; };
		2C49809E23ED0A8100F2FB33 /* AppDelegate.swift */ = {isa = PBXFileReference; lastKnownFileType = sourcecode.swift; path = AppDelegate.swift; sourceTree = "<group>"; };
		2C4980A023ED0A8100F2FB33 /* SceneDelegate.swift */ = {isa = PBXFileReference; lastKnownFileType = sourcecode.swift; path = SceneDelegate.swift; sourceTree = "<group>"; };
		2C4980A223ED0A8100F2FB33 /* ContentView.swift */ = {isa = PBXFileReference; lastKnownFileType = sourcecode.swift; path = ContentView.swift; sourceTree = "<group>"; };
		2C4980A423ED0A9100F2FB33 /* Assets.xcassets */ = {isa = PBXFileReference; lastKnownFileType = folder.assetcatalog; path = Assets.xcassets; sourceTree = "<group>"; };
		2C4980A723ED0A9100F2FB33 /* Preview Assets.xcassets */ = {isa = PBXFileReference; lastKnownFileType = folder.assetcatalog; path = "Preview Assets.xcassets"; sourceTree = "<group>"; };
		2C4980AA23ED0A9100F2FB33 /* Base */ = {isa = PBXFileReference; lastKnownFileType = file.storyboard; name = Base; path = Base.lproj/LaunchScreen.storyboard; sourceTree = "<group>"; };
		2C4980AC23ED0A9100F2FB33 /* Info.plist */ = {isa = PBXFileReference; lastKnownFileType = text.plist.xml; path = Info.plist; sourceTree = "<group>"; };
		2C4980B123ED0A9200F2FB33 /* JouleBookUITests.xctest */ = {isa = PBXFileReference; explicitFileType = wrapper.cfbundle; includeInIndex = 0; path = JouleBookUITests.xctest; sourceTree = BUILT_PRODUCTS_DIR; };
		2C4980B523ED0A9200F2FB33 /* JouleBookUITests.swift */ = {isa = PBXFileReference; lastKnownFileType = sourcecode.swift; path = JouleBookUITests.swift; sourceTree = "<group>"; };
		2C4980B723ED0A9200F2FB33 /* Info.plist */ = {isa = PBXFileReference; lastKnownFileType = text.plist.xml; path = Info.plist; sourceTree = "<group>"; };
		2C4980BC23ED0A9200F2FB33 /* JouleBookUIUITests.xctest */ = {isa = PBXFileReference; explicitFileType = wrapper.cfbundle; includeInIndex = 0; path = JouleBookUIUITests.xctest; sourceTree = BUILT_PRODUCTS_DIR; };
		2C4980C023ED0A9200F2FB33 /* JouleBookUIUITests.swift */ = {isa = PBXFileReference; lastKnownFileType = sourcecode.swift; path = JouleBookUIUITests.swift; sourceTree = "<group>"; };
		2C4980C223ED0A9200F2FB33 /* Info.plist */ = {isa = PBXFileReference; lastKnownFileType = text.plist.xml; path = Info.plist; sourceTree = "<group>"; };
		2CC355BF23F4EFF4003C7FE4 /* DealJsonDatas.swift */ = {isa = PBXFileReference; lastKnownFileType = sourcecode.swift; path = DealJsonDatas.swift; sourceTree = "<group>"; };
		2CC355C223F56544003C7FE4 /* DealList.swift */ = {isa = PBXFileReference; lastKnownFileType = sourcecode.swift; path = DealList.swift; sourceTree = "<group>"; };
		2CD0599A23ED47C80031D99D /* CircleImage.swift */ = {isa = PBXFileReference; lastKnownFileType = sourcecode.swift; path = CircleImage.swift; sourceTree = "<group>"; };
		2CD0599E23ED5A0D0031D99D /* MapView.swift */ = {isa = PBXFileReference; lastKnownFileType = sourcecode.swift; path = MapView.swift; sourceTree = "<group>"; };
		2CF5AEBE23EEC09A0049A940 /* ItemDealListRow.swift */ = {isa = PBXFileReference; lastKnownFileType = sourcecode.swift; path = ItemDealListRow.swift; sourceTree = "<group>"; };
		6767B89603A5EA9D940D7453 /* Pods_JouleBookUI.framework */ = {isa = PBXFileReference; explicitFileType = wrapper.framework; includeInIndex = 0; path = Pods_JouleBookUI.framework; sourceTree = BUILT_PRODUCTS_DIR; };
		6FD803C3670244D865D0AB8E /* Pods-JouleBookUI.release.xcconfig */ = {isa = PBXFileReference; includeInIndex = 1; lastKnownFileType = text.xcconfig; name = "Pods-JouleBookUI.release.xcconfig"; path = "Target Support Files/Pods-JouleBookUI/Pods-JouleBookUI.release.xcconfig"; sourceTree = "<group>"; };
		9CE99E8ADD1B8CDF12854F29 /* Pods_JouleBookUITests.framework */ = {isa = PBXFileReference; explicitFileType = wrapper.framework; includeInIndex = 0; path = Pods_JouleBookUITests.framework; sourceTree = BUILT_PRODUCTS_DIR; };
		BF025AFD23FFE04800BAF9A4 /* PhoneVerification.swift */ = {isa = PBXFileReference; lastKnownFileType = sourcecode.swift; path = PhoneVerification.swift; sourceTree = "<group>"; };
		BF025B012400E4EB00BAF9A4 /* SmallTextLink.swift */ = {isa = PBXFileReference; lastKnownFileType = sourcecode.swift; path = SmallTextLink.swift; sourceTree = "<group>"; };
		BF025B0624010E5800BAF9A4 /* PageViewController.swift */ = {isa = PBXFileReference; lastKnownFileType = sourcecode.swift; path = PageViewController.swift; sourceTree = "<group>"; };
		BF025B0824010E9E00BAF9A4 /* PageControl.swift */ = {isa = PBXFileReference; lastKnownFileType = sourcecode.swift; path = PageControl.swift; sourceTree = "<group>"; };
		BF025B0A24010F5300BAF9A4 /* SubSliderView.swift */ = {isa = PBXFileReference; lastKnownFileType = sourcecode.swift; path = SubSliderView.swift; sourceTree = "<group>"; };
		BF025B0C24010FDB00BAF9A4 /* Welcome.swift */ = {isa = PBXFileReference; lastKnownFileType = sourcecode.swift; path = Welcome.swift; sourceTree = "<group>"; };
		BF109393241E2AE500EC7B9A /* FormattedTextField.swift */ = {isa = PBXFileReference; lastKnownFileType = sourcecode.swift; path = FormattedTextField.swift; sourceTree = "<group>"; };
		BF16B91024014097005CEE07 /* MainMenu.swift */ = {isa = PBXFileReference; lastKnownFileType = sourcecode.swift; path = MainMenu.swift; sourceTree = "<group>"; };
		BF16B912240142CC005CEE07 /* IconText.swift */ = {isa = PBXFileReference; lastKnownFileType = sourcecode.swift; path = IconText.swift; sourceTree = "<group>"; };
		BF334CB924123E5C009B3218 /* MyAccount.swift */ = {isa = PBXFileReference; lastKnownFileType = sourcecode.swift; path = MyAccount.swift; sourceTree = "<group>"; };
		BF334CBD241247C7009B3218 /* MyProfile.swift */ = {isa = PBXFileReference; lastKnownFileType = sourcecode.swift; path = MyProfile.swift; sourceTree = "<group>"; };
		BF3535AF2418827A001EE48C /* AddImageBtn.swift */ = {isa = PBXFileReference; lastKnownFileType = sourcecode.swift; path = AddImageBtn.swift; sourceTree = "<group>"; };
		BF48073024284ADF003598C5 /* Vehicles.swift */ = {isa = PBXFileReference; lastKnownFileType = sourcecode.swift; path = Vehicles.swift; sourceTree = "<group>"; };
		BF496FE62411195E00048EAB /* AccountMenus.swift */ = {isa = PBXFileReference; lastKnownFileType = sourcecode.swift; path = AccountMenus.swift; sourceTree = "<group>"; };
		BF524FF224247EEF0063AE01 /* CandidateItemRow.swift */ = {isa = PBXFileReference; lastKnownFileType = sourcecode.swift; path = CandidateItemRow.swift; sourceTree = "<group>"; };
		BF524FF424247F1B0063AE01 /* Candidate.swift */ = {isa = PBXFileReference; lastKnownFileType = sourcecode.swift; path = Candidate.swift; sourceTree = "<group>"; };
		BF524FF624251AB70063AE01 /* Texts.swift */ = {isa = PBXFileReference; lastKnownFileType = sourcecode.swift; path = Texts.swift; sourceTree = "<group>"; };
		BF5D512323FA366C00D7048B /* Deal.swift */ = {isa = PBXFileReference; lastKnownFileType = sourcecode.swift; path = Deal.swift; sourceTree = "<group>"; };
		BF5D512523FA36DA00D7048B /* DealDetail.swift */ = {isa = PBXFileReference; lastKnownFileType = sourcecode.swift; path = DealDetail.swift; sourceTree = "<group>"; };
		BF60DCAB241BD75E00F86FE8 /* AddLicenseForm.swift */ = {isa = PBXFileReference; lastKnownFileType = sourcecode.swift; path = AddLicenseForm.swift; sourceTree = "<group>"; };
		BF60DCAD241BD91900F86FE8 /* AddVehicleForm.swift */ = {isa = PBXFileReference; lastKnownFileType = sourcecode.swift; path = AddVehicleForm.swift; sourceTree = "<group>"; };
		BF60DCAF241BDBD400F86FE8 /* AddInsuranceForm.swift */ = {isa = PBXFileReference; lastKnownFileType = sourcecode.swift; path = AddInsuranceForm.swift; sourceTree = "<group>"; };
		BF60DCB1241BE6AE00F86FE8 /* VehicleItemRow.swift */ = {isa = PBXFileReference; lastKnownFileType = sourcecode.swift; path = VehicleItemRow.swift; sourceTree = "<group>"; };
		BF60DCB3241BE89900F86FE8 /* InsuranceItemRow.swift */ = {isa = PBXFileReference; lastKnownFileType = sourcecode.swift; path = InsuranceItemRow.swift; sourceTree = "<group>"; };
		BF60DCB5241BF6B900F86FE8 /* BottomSheetView.swift */ = {isa = PBXFileReference; lastKnownFileType = sourcecode.swift; path = BottomSheetView.swift; sourceTree = "<group>"; };
		BF75D2AA24179DB8005048B4 /* EditSkills.swift */ = {isa = PBXFileReference; lastKnownFileType = sourcecode.swift; path = EditSkills.swift; sourceTree = "<group>"; };
		BF75D2AC2417A324005048B4 /* Licenses.swift */ = {isa = PBXFileReference; lastKnownFileType = sourcecode.swift; path = Licenses.swift; sourceTree = "<group>"; };
		BF75D2AE2417A353005048B4 /* LicenseItemRow.swift */ = {isa = PBXFileReference; lastKnownFileType = sourcecode.swift; path = LicenseItemRow.swift; sourceTree = "<group>"; };
		BF7ED188240B76FC00788A6D /* StaticStrings.swift */ = {isa = PBXFileReference; lastKnownFileType = sourcecode.swift; path = StaticStrings.swift; sourceTree = "<group>"; };
		BF84F2ED2406644600F75839 /* ItemJobListRow.swift */ = {isa = PBXFileReference; lastKnownFileType = sourcecode.swift; path = ItemJobListRow.swift; sourceTree = "<group>"; };
		BF84F2EF2406646700F75839 /* Job.swift */ = {isa = PBXFileReference; lastKnownFileType = sourcecode.swift; path = Job.swift; sourceTree = "<group>"; };
		BF84F2F1240664C000F75839 /* Coordinates.swift */ = {isa = PBXFileReference; lastKnownFileType = sourcecode.swift; path = Coordinates.swift; sourceTree = "<group>"; };
		BF84F2F32406886700F75839 /* ImageUrl.swift */ = {isa = PBXFileReference; lastKnownFileType = sourcecode.swift; path = ImageUrl.swift; sourceTree = "<group>"; };
		BF84F2F524068D9300F75839 /* Fonts.swift */ = {isa = PBXFileReference; lastKnownFileType = sourcecode.swift; path = Fonts.swift; sourceTree = "<group>"; };
		BF84F2F72406BC6C00F75839 /* JobDetail.swift */ = {isa = PBXFileReference; lastKnownFileType = sourcecode.swift; path = JobDetail.swift; sourceTree = "<group>"; };
		BF84F2F92406C31E00F75839 /* Jobs.json */ = {isa = PBXFileReference; lastKnownFileType = text.json; path = Jobs.json; sourceTree = "<group>"; };
		BF84F2FB2407641700F75839 /* BaseView.swift */ = {isa = PBXFileReference; lastKnownFileType = sourcecode.swift; path = BaseView.swift; sourceTree = "<group>"; };
		BF84F2FD24077BCB00F75839 /* ViewRouter.swift */ = {isa = PBXFileReference; lastKnownFileType = sourcecode.swift; path = ViewRouter.swift; sourceTree = "<group>"; };
		BF84F2FF240781DE00F75839 /* VTextIcon.swift */ = {isa = PBXFileReference; lastKnownFileType = sourcecode.swift; path = VTextIcon.swift; sourceTree = "<group>"; };
		BF84F3012408CF9400F75839 /* UserDefault.swift */ = {isa = PBXFileReference; lastKnownFileType = sourcecode.swift; path = UserDefault.swift; sourceTree = "<group>"; };
		BF84F3042409694600F75839 /* Authentication.swift */ = {isa = PBXFileReference; lastKnownFileType = sourcecode.swift; path = Authentication.swift; sourceTree = "<group>"; };
		BF84F306240984BA00F75839 /* ApiRequests.swift */ = {isa = PBXFileReference; lastKnownFileType = sourcecode.swift; path = ApiRequests.swift; sourceTree = "<group>"; };
		BF85968224261B9600CDDAC1 /* InstantCatView.swift */ = {isa = PBXFileReference; lastKnownFileType = sourcecode.swift; path = InstantCatView.swift; sourceTree = "<group>"; };
		BF8A7C7A240A718C004A45CA /* Client.swift */ = {isa = PBXFileReference; lastKnownFileType = sourcecode.swift; path = Client.swift; sourceTree = "<group>"; };
		BF8A7C7C240A74BB004A45CA /* Endpoint.swift */ = {isa = PBXFileReference; lastKnownFileType = sourcecode.swift; path = Endpoint.swift; sourceTree = "<group>"; };
		BF8A7C7E240ACCCE004A45CA /* HttpAuth.swift */ = {isa = PBXFileReference; lastKnownFileType = sourcecode.swift; path = HttpAuth.swift; sourceTree = "<group>"; };
		BF8B386124270F4500F003DA /* Candidatedetail.swift */ = {isa = PBXFileReference; lastKnownFileType = sourcecode.swift; path = Candidatedetail.swift; sourceTree = "<group>"; };
		BF8D52C32413556700545DB4 /* ProviderProfile.swift */ = {isa = PBXFileReference; lastKnownFileType = sourcecode.swift; path = ProviderProfile.swift; sourceTree = "<group>"; };
		BF8D5D3A240384290052BFB0 /* Home.swift */ = {isa = PBXFileReference; lastKnownFileType = sourcecode.swift; path = Home.swift; sourceTree = "<group>"; };
		BF8D5D3C2403845F0052BFB0 /* InstantCategoryRow.swift */ = {isa = PBXFileReference; lastKnownFileType = sourcecode.swift; path = InstantCategoryRow.swift; sourceTree = "<group>"; };
		BF8D5D3E2403E0710052BFB0 /* BottomMainMenus.swift */ = {isa = PBXFileReference; lastKnownFileType = sourcecode.swift; path = BottomMainMenus.swift; sourceTree = "<group>"; };
		BF8D5D402403E2F60052BFB0 /* GetHired.swift */ = {isa = PBXFileReference; lastKnownFileType = sourcecode.swift; path = GetHired.swift; sourceTree = "<group>"; };
		BF8D5D422403E30C0052BFB0 /* Hire.swift */ = {isa = PBXFileReference; lastKnownFileType = sourcecode.swift; path = Hire.swift; sourceTree = "<group>"; };
		BF8D5D442403E3210052BFB0 /* Summary.swift */ = {isa = PBXFileReference; lastKnownFileType = sourcecode.swift; path = Summary.swift; sourceTree = "<group>"; };
		BF8D5D462403E3340052BFB0 /* Schedule.swift */ = {isa = PBXFileReference; lastKnownFileType = sourcecode.swift; path = Schedule.swift; sourceTree = "<group>"; };
		BF8D5D482405055E0052BFB0 /* TopTabbar.swift */ = {isa = PBXFileReference; lastKnownFileType = sourcecode.swift; path = TopTabbar.swift; sourceTree = "<group>"; };
		BF8D5D4C240581320052BFB0 /* GridCollection.swift */ = {isa = PBXFileReference; lastKnownFileType = sourcecode.swift; path = GridCollection.swift; sourceTree = "<group>"; };
		BF8D5D4E240591D20052BFB0 /* RatingBar.swift */ = {isa = PBXFileReference; lastKnownFileType = sourcecode.swift; path = RatingBar.swift; sourceTree = "<group>"; };
		BF930A8A240BA26B009AFB65 /* RequestInterceptor.swift */ = {isa = PBXFileReference; lastKnownFileType = sourcecode.swift; path = RequestInterceptor.swift; sourceTree = "<group>"; };
		BFA119DC23FAB6E4005AEEC0 /* Deals.json */ = {isa = PBXFileReference; lastKnownFileType = text.json; path = Deals.json; sourceTree = "<group>"; };
		BFA119DE23FAF15C005AEEC0 /* HorizontalLine.swift */ = {isa = PBXFileReference; lastKnownFileType = sourcecode.swift; path = HorizontalLine.swift; sourceTree = "<group>"; };
		BFA119E323FAF622005AEEC0 /* Colors.swift */ = {isa = PBXFileReference; lastKnownFileType = sourcecode.swift; path = Colors.swift; sourceTree = "<group>"; };
		BFA119E523FAFB20005AEEC0 /* Buttons.swift */ = {isa = PBXFileReference; lastKnownFileType = sourcecode.swift; path = Buttons.swift; sourceTree = "<group>"; };
		BFA119E723FBF30D005AEEC0 /* Dimens.swift */ = {isa = PBXFileReference; lastKnownFileType = sourcecode.swift; path = Dimens.swift; sourceTree = "<group>"; };
		BFA119E923FC021E005AEEC0 /* SignIn.swift */ = {isa = PBXFileReference; lastKnownFileType = sourcecode.swift; path = SignIn.swift; sourceTree = "<group>"; };
		BFA30E742423CC230041004A /* DateFunc.swift */ = {isa = PBXFileReference; lastKnownFileType = sourcecode.swift; path = DateFunc.swift; sourceTree = "<group>"; };
		BFC15C202413BD21006C245B /* TagList.swift */ = {isa = PBXFileReference; lastKnownFileType = sourcecode.swift; path = TagList.swift; sourceTree = "<group>"; };
		BFDB8D6A241C903100620B5E /* AddDealForm.swift */ = {isa = PBXFileReference; lastKnownFileType = sourcecode.swift; path = AddDealForm.swift; sourceTree = "<group>"; };
		BFDB8D6D241C904B00620B5E /* AddJobForm.swift */ = {isa = PBXFileReference; lastKnownFileType = sourcecode.swift; path = AddJobForm.swift; sourceTree = "<group>"; };
		BFDB8D6F241CF3C200620B5E /* DateTimeOptions.swift */ = {isa = PBXFileReference; lastKnownFileType = sourcecode.swift; path = DateTimeOptions.swift; sourceTree = "<group>"; };
		BFDB8D71241D1A1800620B5E /* TimeSlots.swift */ = {isa = PBXFileReference; lastKnownFileType = sourcecode.swift; path = TimeSlots.swift; sourceTree = "<group>"; };
		BFEF59A624207B7E00762AE5 /* TimeOptions.swift */ = {isa = PBXFileReference; lastKnownFileType = sourcecode.swift; path = TimeOptions.swift; sourceTree = "<group>"; };
		BFEF59A92420D6F300762AE5 /* RKDate.swift */ = {isa = PBXFileReference; fileEncoding = 4; lastKnownFileType = sourcecode.swift; path = RKDate.swift; sourceTree = "<group>"; };
		BFEF59AA2420D6F400762AE5 /* RKMonth.swift */ = {isa = PBXFileReference; fileEncoding = 4; lastKnownFileType = sourcecode.swift; path = RKMonth.swift; sourceTree = "<group>"; };
		BFEF59AB2420D6F400762AE5 /* RKCell.swift */ = {isa = PBXFileReference; fileEncoding = 4; lastKnownFileType = sourcecode.swift; path = RKCell.swift; sourceTree = "<group>"; };
		BFEF59AC2420D6F400762AE5 /* RKViewController.swift */ = {isa = PBXFileReference; fileEncoding = 4; lastKnownFileType = sourcecode.swift; path = RKViewController.swift; sourceTree = "<group>"; };
		BFEF59AD2420D6F400762AE5 /* RKColorSettings.swift */ = {isa = PBXFileReference; fileEncoding = 4; lastKnownFileType = sourcecode.swift; path = RKColorSettings.swift; sourceTree = "<group>"; };
		BFEF59AE2420D6F400762AE5 /* RKManager.swift */ = {isa = PBXFileReference; fileEncoding = 4; lastKnownFileType = sourcecode.swift; path = RKManager.swift; sourceTree = "<group>"; };
		BFEF59AF2420D6F400762AE5 /* RKWeekdayHeader.swift */ = {isa = PBXFileReference; fileEncoding = 4; lastKnownFileType = sourcecode.swift; path = RKWeekdayHeader.swift; sourceTree = "<group>"; };
		BFEF59B92420DDB200762AE5 /* DateSelectorModal.swift */ = {isa = PBXFileReference; lastKnownFileType = sourcecode.swift; path = DateSelectorModal.swift; sourceTree = "<group>"; };
		C17021A35C70F92CA1B9B177 /* Pods_JouleBookUI_JouleBookUIUITests.framework */ = {isa = PBXFileReference; explicitFileType = wrapper.framework; includeInIndex = 0; path = Pods_JouleBookUI_JouleBookUIUITests.framework; sourceTree = BUILT_PRODUCTS_DIR; };
		CB4B914C8B44D1A33EC02B23 /* Pods-JouleBookUI-JouleBookUIUITests.release.xcconfig */ = {isa = PBXFileReference; includeInIndex = 1; lastKnownFileType = text.xcconfig; name = "Pods-JouleBookUI-JouleBookUIUITests.release.xcconfig"; path = "Target Support Files/Pods-JouleBookUI-JouleBookUIUITests/Pods-JouleBookUI-JouleBookUIUITests.release.xcconfig"; sourceTree = "<group>"; };
		FDEB4D1B8F4D8A0F74E92CD3 /* Pods-JouleBookUITests.release.xcconfig */ = {isa = PBXFileReference; includeInIndex = 1; lastKnownFileType = text.xcconfig; name = "Pods-JouleBookUITests.release.xcconfig"; path = "Target Support Files/Pods-JouleBookUITests/Pods-JouleBookUITests.release.xcconfig"; sourceTree = "<group>"; };
/* End PBXFileReference section */

/* Begin PBXFrameworksBuildPhase section */
		2C49809823ED0A8100F2FB33 /* Frameworks */ = {
			isa = PBXFrameworksBuildPhase;
			buildActionMask = 2147483647;
			files = (
				2C9DF2E723F66F1300B576BB /* URLImage in Frameworks */,
				BF3DFD82241F6EB2004EFDFC /* ClockTimePicker in Frameworks */,
				55FAC427CF4B0531DAB012FD /* Pods_JouleBookUI.framework in Frameworks */,
			);
			runOnlyForDeploymentPostprocessing = 0;
		};
		2C4980AE23ED0A9200F2FB33 /* Frameworks */ = {
			isa = PBXFrameworksBuildPhase;
			buildActionMask = 2147483647;
			files = (
				1100E39ED90C4773F7B05C27 /* Pods_JouleBookUITests.framework in Frameworks */,
			);
			runOnlyForDeploymentPostprocessing = 0;
		};
		2C4980B923ED0A9200F2FB33 /* Frameworks */ = {
			isa = PBXFrameworksBuildPhase;
			buildActionMask = 2147483647;
			files = (
				B238F15F1C3DF319A496B7E0 /* Pods_JouleBookUI_JouleBookUIUITests.framework in Frameworks */,
			);
			runOnlyForDeploymentPostprocessing = 0;
		};
/* End PBXFrameworksBuildPhase section */

/* Begin PBXGroup section */
		2470FBC976F8656FEDE92F96 /* Frameworks */ = {
			isa = PBXGroup;
			children = (
				6767B89603A5EA9D940D7453 /* Pods_JouleBookUI.framework */,
				C17021A35C70F92CA1B9B177 /* Pods_JouleBookUI_JouleBookUIUITests.framework */,
				9CE99E8ADD1B8CDF12854F29 /* Pods_JouleBookUITests.framework */,
			);
			name = Frameworks;
			sourceTree = "<group>";
		};
		2C49809223ED0A8100F2FB33 = {
			isa = PBXGroup;
			children = (
				2C49809D23ED0A8100F2FB33 /* JouleBookUI */,
				2C4980B423ED0A9200F2FB33 /* JouleBookUITests */,
				2C4980BF23ED0A9200F2FB33 /* JouleBookUIUITests */,
				2C49809C23ED0A8100F2FB33 /* Products */,
				A6DBC2C7A073D3DAB585940E /* Pods */,
				2470FBC976F8656FEDE92F96 /* Frameworks */,
			);
			sourceTree = "<group>";
		};
		2C49809C23ED0A8100F2FB33 /* Products */ = {
			isa = PBXGroup;
			children = (
				2C49809B23ED0A8100F2FB33 /* JouleBookUI.app */,
				2C4980B123ED0A9200F2FB33 /* JouleBookUITests.xctest */,
				2C4980BC23ED0A9200F2FB33 /* JouleBookUIUITests.xctest */,
			);
			name = Products;
			sourceTree = "<group>";
		};
		2C49809D23ED0A8100F2FB33 /* JouleBookUI */ = {
			isa = PBXGroup;
			children = (
				BF84F3032409690700F75839 /* Network */,
				BF025B0524010E3000BAF9A4 /* Controller */,
				BFA119EB23FC1825005AEEC0 /* Helper */,
				BFA119E223FAF5CA005AEEC0 /* Constant */,
				2CC355C123F55EB6003C7FE4 /* Views */,
				2C8E8DB623F2A6910082D2D8 /* Observers */,
				2CF5AEB623EEBB1C0049A940 /* Resources */,
				2CD059A123ED68B50031D99D /* Models */,
				2C49809E23ED0A8100F2FB33 /* AppDelegate.swift */,
				2C4980A023ED0A8100F2FB33 /* SceneDelegate.swift */,
				2C4980A223ED0A8100F2FB33 /* ContentView.swift */,
				2C4980A423ED0A9100F2FB33 /* Assets.xcassets */,
				2C4980A923ED0A9100F2FB33 /* LaunchScreen.storyboard */,
				2C4980AC23ED0A9100F2FB33 /* Info.plist */,
				2C4980A623ED0A9100F2FB33 /* Preview Content */,
				2CC355C223F56544003C7FE4 /* DealList.swift */,
				2C06ECAB23F6AC4300EDC750 /* SignUp.swift */,
				BF5D512523FA36DA00D7048B /* DealDetail.swift */,
				BFA119E923FC021E005AEEC0 /* SignIn.swift */,
				BF025AFD23FFE04800BAF9A4 /* PhoneVerification.swift */,
				BF025B0C24010FDB00BAF9A4 /* Welcome.swift */,
				BF16B91024014097005CEE07 /* MainMenu.swift */,
				BF8D5D3A240384290052BFB0 /* Home.swift */,
				BF8D5D402403E2F60052BFB0 /* GetHired.swift */,
				BF8D5D422403E30C0052BFB0 /* Hire.swift */,
				BF8D5D442403E3210052BFB0 /* Summary.swift */,
				BF8D5D462403E3340052BFB0 /* Schedule.swift */,
				BF84F2F72406BC6C00F75839 /* JobDetail.swift */,
				BF496FE62411195E00048EAB /* AccountMenus.swift */,
				BF334CB924123E5C009B3218 /* MyAccount.swift */,
				BF334CBD241247C7009B3218 /* MyProfile.swift */,
				BF8D52C32413556700545DB4 /* ProviderProfile.swift */,
				BF85968224261B9600CDDAC1 /* InstantCatView.swift */,
				BF8B386124270F4500F003DA /* Candidatedetail.swift */,
			);
			path = JouleBookUI;
			sourceTree = "<group>";
		};
		2C4980A623ED0A9100F2FB33 /* Preview Content */ = {
			isa = PBXGroup;
			children = (
				2C4980A723ED0A9100F2FB33 /* Preview Assets.xcassets */,
			);
			path = "Preview Content";
			sourceTree = "<group>";
		};
		2C4980B423ED0A9200F2FB33 /* JouleBookUITests */ = {
			isa = PBXGroup;
			children = (
				2C4980B523ED0A9200F2FB33 /* JouleBookUITests.swift */,
				2C4980B723ED0A9200F2FB33 /* Info.plist */,
			);
			path = JouleBookUITests;
			sourceTree = "<group>";
		};
		2C4980BF23ED0A9200F2FB33 /* JouleBookUIUITests */ = {
			isa = PBXGroup;
			children = (
				2C4980C023ED0A9200F2FB33 /* JouleBookUIUITests.swift */,
				2C4980C223ED0A9200F2FB33 /* Info.plist */,
			);
			path = JouleBookUIUITests;
			sourceTree = "<group>";
		};
		2C8E8DB623F2A6910082D2D8 /* Observers */ = {
			isa = PBXGroup;
			children = (
			);
			path = Observers;
			sourceTree = "<group>";
		};
		2CC355C123F55EB6003C7FE4 /* Views */ = {
			isa = PBXGroup;
			children = (
				BFEF59A82420D6DD00762AE5 /* Calendar */,
				BFDB8D6C241C903600620B5E /* Jobs */,
				BFDB8D69241C901400620B5E /* Deals */,
				BF75D2A924179D87005048B4 /* ProviderProfile */,
				2CF5AEBE23EEC09A0049A940 /* ItemDealListRow.swift */,
				2CD0599E23ED5A0D0031D99D /* MapView.swift */,
				2CD0599A23ED47C80031D99D /* CircleImage.swift */,
				BFA119DE23FAF15C005AEEC0 /* HorizontalLine.swift */,
				BFA119E523FAFB20005AEEC0 /* Buttons.swift */,
				BF025B012400E4EB00BAF9A4 /* SmallTextLink.swift */,
				BF025B0A24010F5300BAF9A4 /* SubSliderView.swift */,
				BF16B912240142CC005CEE07 /* IconText.swift */,
				BF8D5D3C2403845F0052BFB0 /* InstantCategoryRow.swift */,
				BF8D5D3E2403E0710052BFB0 /* BottomMainMenus.swift */,
				BF8D5D482405055E0052BFB0 /* TopTabbar.swift */,
				BF8D5D4E240591D20052BFB0 /* RatingBar.swift */,
				BF84F2ED2406644600F75839 /* ItemJobListRow.swift */,
				BF84F2F32406886700F75839 /* ImageUrl.swift */,
				BF84F2FF240781DE00F75839 /* VTextIcon.swift */,
				BFC15C202413BD21006C245B /* TagList.swift */,
				BF75D2AE2417A353005048B4 /* LicenseItemRow.swift */,
				BF3535AF2418827A001EE48C /* AddImageBtn.swift */,
				BF60DCB1241BE6AE00F86FE8 /* VehicleItemRow.swift */,
				BF60DCB3241BE89900F86FE8 /* InsuranceItemRow.swift */,
				BF60DCB5241BF6B900F86FE8 /* BottomSheetView.swift */,
				BFDB8D6F241CF3C200620B5E /* DateTimeOptions.swift */,
				BFDB8D71241D1A1800620B5E /* TimeSlots.swift */,
				BF109393241E2AE500EC7B9A /* FormattedTextField.swift */,
				BFEF59A624207B7E00762AE5 /* TimeOptions.swift */,
				BF524FF224247EEF0063AE01 /* CandidateItemRow.swift */,
				BF524FF624251AB70063AE01 /* Texts.swift */,
			);
			path = Views;
			sourceTree = "<group>";
		};
		2CD059A123ED68B50031D99D /* Models */ = {
			isa = PBXGroup;
			children = (
				2CC355BF23F4EFF4003C7FE4 /* DealJsonDatas.swift */,
				2C06ECAD23F6AD4000EDC750 /* UserView.swift */,
				BF5D512323FA366C00D7048B /* Deal.swift */,
				BF84F2EF2406646700F75839 /* Job.swift */,
				BF84F2F1240664C000F75839 /* Coordinates.swift */,
				BF524FF424247F1B0063AE01 /* Candidate.swift */,
			);
			path = Models;
			sourceTree = "<group>";
		};
		2CF5AEB623EEBB1C0049A940 /* Resources */ = {
			isa = PBXGroup;
			children = (
				BFA119DC23FAB6E4005AEEC0 /* Deals.json */,
				BF84F2F92406C31E00F75839 /* Jobs.json */,
			);
			path = Resources;
			sourceTree = "<group>";
		};
		A6DBC2C7A073D3DAB585940E /* Pods */ = {
			isa = PBXGroup;
			children = (
				1C6D2F49FD2F656F64482C99 /* Pods-JouleBookUI.debug.xcconfig */,
				6FD803C3670244D865D0AB8E /* Pods-JouleBookUI.release.xcconfig */,
				12A0A4F74FFEE70E03998D14 /* Pods-JouleBookUI-JouleBookUIUITests.debug.xcconfig */,
				CB4B914C8B44D1A33EC02B23 /* Pods-JouleBookUI-JouleBookUIUITests.release.xcconfig */,
				168071E6FD3AE0C747D32F37 /* Pods-JouleBookUITests.debug.xcconfig */,
				FDEB4D1B8F4D8A0F74E92CD3 /* Pods-JouleBookUITests.release.xcconfig */,
			);
			path = Pods;
			sourceTree = "<group>";
		};
		BF025B0524010E3000BAF9A4 /* Controller */ = {
			isa = PBXGroup;
			children = (
				BF025B0624010E5800BAF9A4 /* PageViewController.swift */,
				BF025B0824010E9E00BAF9A4 /* PageControl.swift */,
			);
			path = Controller;
			sourceTree = "<group>";
		};
		BF75D2A924179D87005048B4 /* ProviderProfile */ = {
			isa = PBXGroup;
			children = (
				BF75D2AA24179DB8005048B4 /* EditSkills.swift */,
				BF75D2AC2417A324005048B4 /* Licenses.swift */,
				BF60DCAB241BD75E00F86FE8 /* AddLicenseForm.swift */,
				BF60DCAD241BD91900F86FE8 /* AddVehicleForm.swift */,
				BF60DCAF241BDBD400F86FE8 /* AddInsuranceForm.swift */,
				BF48073024284ADF003598C5 /* Vehicles.swift */,
			);
			path = ProviderProfile;
			sourceTree = "<group>";
		};
		BF84F3032409690700F75839 /* Network */ = {
			isa = PBXGroup;
			children = (
				BF84F3042409694600F75839 /* Authentication.swift */,
				BF84F306240984BA00F75839 /* ApiRequests.swift */,
				BF8A7C7A240A718C004A45CA /* Client.swift */,
				BF8A7C7C240A74BB004A45CA /* Endpoint.swift */,
				BF8A7C7E240ACCCE004A45CA /* HttpAuth.swift */,
				BF930A8A240BA26B009AFB65 /* RequestInterceptor.swift */,
			);
			path = Network;
			sourceTree = "<group>";
		};
		BFA119E223FAF5CA005AEEC0 /* Constant */ = {
			isa = PBXGroup;
			children = (
				BFA119E323FAF622005AEEC0 /* Colors.swift */,
				BFA119E723FBF30D005AEEC0 /* Dimens.swift */,
				BF84F2F524068D9300F75839 /* Fonts.swift */,
				BF7ED188240B76FC00788A6D /* StaticStrings.swift */,
				BFA30E742423CC230041004A /* DateFunc.swift */,
			);
			path = Constant;
			sourceTree = "<group>";
		};
		BFA119EB23FC1825005AEEC0 /* Helper */ = {
			isa = PBXGroup;
			children = (
				BF8D5D4C240581320052BFB0 /* GridCollection.swift */,
				BF84F2FB2407641700F75839 /* BaseView.swift */,
				BF84F3012408CF9400F75839 /* UserDefault.swift */,
				BF84F2FD24077BCB00F75839 /* ViewRouter.swift */,
			);
			path = Helper;
			sourceTree = "<group>";
		};
		BFDB8D69241C901400620B5E /* Deals */ = {
			isa = PBXGroup;
			children = (
				BFDB8D6A241C903100620B5E /* AddDealForm.swift */,
			);
			path = Deals;
			sourceTree = "<group>";
		};
		BFDB8D6C241C903600620B5E /* Jobs */ = {
			isa = PBXGroup;
			children = (
				BFDB8D6D241C904B00620B5E /* AddJobForm.swift */,
			);
			path = Jobs;
			sourceTree = "<group>";
		};
		BFEF59A82420D6DD00762AE5 /* Calendar */ = {
			isa = PBXGroup;
			children = (
				BFEF59AB2420D6F400762AE5 /* RKCell.swift */,
				BFEF59AD2420D6F400762AE5 /* RKColorSettings.swift */,
				BFEF59A92420D6F300762AE5 /* RKDate.swift */,
				BFEF59AE2420D6F400762AE5 /* RKManager.swift */,
				BFEF59AA2420D6F400762AE5 /* RKMonth.swift */,
				BFEF59AC2420D6F400762AE5 /* RKViewController.swift */,
				BFEF59AF2420D6F400762AE5 /* RKWeekdayHeader.swift */,
				BFEF59B92420DDB200762AE5 /* DateSelectorModal.swift */,
			);
			path = Calendar;
			sourceTree = "<group>";
		};
/* End PBXGroup section */

/* Begin PBXNativeTarget section */
		2C49809A23ED0A8100F2FB33 /* JouleBookUI */ = {
			isa = PBXNativeTarget;
			buildConfigurationList = 2C4980C523ED0A9200F2FB33 /* Build configuration list for PBXNativeTarget "JouleBookUI" */;
			buildPhases = (
				2F965909BA86F8FABF329D35 /* [CP] Check Pods Manifest.lock */,
				2C49809723ED0A8100F2FB33 /* Sources */,
				2C49809823ED0A8100F2FB33 /* Frameworks */,
				2C49809923ED0A8100F2FB33 /* Resources */,
				BF5D512923FA6E4300D7048B /* Embed Frameworks */,
				834465942AE9CCB3FEE8C4B4 /* [CP] Embed Pods Frameworks */,
			);
			buildRules = (
			);
			dependencies = (
			);
			name = JouleBookUI;
			packageProductDependencies = (
				2C9DF2E623F66F1300B576BB /* URLImage */,
				BF3DFD81241F6EB2004EFDFC /* ClockTimePicker */,
			);
			productName = JouleBookUI;
			productReference = 2C49809B23ED0A8100F2FB33 /* JouleBookUI.app */;
			productType = "com.apple.product-type.application";
		};
		2C4980B023ED0A9200F2FB33 /* JouleBookUITests */ = {
			isa = PBXNativeTarget;
			buildConfigurationList = 2C4980C823ED0A9200F2FB33 /* Build configuration list for PBXNativeTarget "JouleBookUITests" */;
			buildPhases = (
				033692BE3DC9C89DD3DF0552 /* [CP] Check Pods Manifest.lock */,
				2C4980AD23ED0A9200F2FB33 /* Sources */,
				2C4980AE23ED0A9200F2FB33 /* Frameworks */,
				2C4980AF23ED0A9200F2FB33 /* Resources */,
			);
			buildRules = (
			);
			dependencies = (
				2C4980B323ED0A9200F2FB33 /* PBXTargetDependency */,
			);
			name = JouleBookUITests;
			productName = JouleBookUITests;
			productReference = 2C4980B123ED0A9200F2FB33 /* JouleBookUITests.xctest */;
			productType = "com.apple.product-type.bundle.unit-test";
		};
		2C4980BB23ED0A9200F2FB33 /* JouleBookUIUITests */ = {
			isa = PBXNativeTarget;
			buildConfigurationList = 2C4980CB23ED0A9200F2FB33 /* Build configuration list for PBXNativeTarget "JouleBookUIUITests" */;
			buildPhases = (
				6C9DDB87F21BB7B3987B486B /* [CP] Check Pods Manifest.lock */,
				2C4980B823ED0A9200F2FB33 /* Sources */,
				2C4980B923ED0A9200F2FB33 /* Frameworks */,
				2C4980BA23ED0A9200F2FB33 /* Resources */,
				28BEA3FCB5163FBBFE91E098 /* [CP] Embed Pods Frameworks */,
			);
			buildRules = (
			);
			dependencies = (
				2C4980BE23ED0A9200F2FB33 /* PBXTargetDependency */,
			);
			name = JouleBookUIUITests;
			productName = JouleBookUIUITests;
			productReference = 2C4980BC23ED0A9200F2FB33 /* JouleBookUIUITests.xctest */;
			productType = "com.apple.product-type.bundle.ui-testing";
		};
/* End PBXNativeTarget section */

/* Begin PBXProject section */
		2C49809323ED0A8100F2FB33 /* Project object */ = {
			isa = PBXProject;
			attributes = {
				KnownAssetTags = (
					New,
				);
				LastSwiftUpdateCheck = 1100;
				LastUpgradeCheck = 1100;
				ORGANIZATIONNAME = "Pham Van Mong";
				TargetAttributes = {
					2C49809A23ED0A8100F2FB33 = {
						CreatedOnToolsVersion = 11.0;
					};
					2C4980B023ED0A9200F2FB33 = {
						CreatedOnToolsVersion = 11.0;
						TestTargetID = 2C49809A23ED0A8100F2FB33;
					};
					2C4980BB23ED0A9200F2FB33 = {
						CreatedOnToolsVersion = 11.0;
						TestTargetID = 2C49809A23ED0A8100F2FB33;
					};
				};
			};
			buildConfigurationList = 2C49809623ED0A8100F2FB33 /* Build configuration list for PBXProject "JouleBookUI" */;
			compatibilityVersion = "Xcode 9.3";
			developmentRegion = en;
			hasScannedForEncodings = 0;
			knownRegions = (
				en,
				Base,
			);
			mainGroup = 2C49809223ED0A8100F2FB33;
			packageReferences = (
				2C9DF2E523F66F1300B576BB /* XCRemoteSwiftPackageReference "url-image" */,
				BF3DFD80241F6EB2004EFDFC /* XCRemoteSwiftPackageReference "ClockTimePicker" */,
			);
			productRefGroup = 2C49809C23ED0A8100F2FB33 /* Products */;
			projectDirPath = "";
			projectRoot = "";
			targets = (
				2C49809A23ED0A8100F2FB33 /* JouleBookUI */,
				2C4980B023ED0A9200F2FB33 /* JouleBookUITests */,
				2C4980BB23ED0A9200F2FB33 /* JouleBookUIUITests */,
			);
		};
/* End PBXProject section */

/* Begin PBXResourcesBuildPhase section */
		2C49809923ED0A8100F2FB33 /* Resources */ = {
			isa = PBXResourcesBuildPhase;
			buildActionMask = 2147483647;
			files = (
				2C4980AB23ED0A9100F2FB33 /* LaunchScreen.storyboard in Resources */,
				BF84F2FA2406C31E00F75839 /* Jobs.json in Resources */,
				BFA119DD23FAB6E4005AEEC0 /* Deals.json in Resources */,
				2C4980A823ED0A9100F2FB33 /* Preview Assets.xcassets in Resources */,
				2C4980A523ED0A9100F2FB33 /* Assets.xcassets in Resources */,
			);
			runOnlyForDeploymentPostprocessing = 0;
		};
		2C4980AF23ED0A9200F2FB33 /* Resources */ = {
			isa = PBXResourcesBuildPhase;
			buildActionMask = 2147483647;
			files = (
			);
			runOnlyForDeploymentPostprocessing = 0;
		};
		2C4980BA23ED0A9200F2FB33 /* Resources */ = {
			isa = PBXResourcesBuildPhase;
			buildActionMask = 2147483647;
			files = (
			);
			runOnlyForDeploymentPostprocessing = 0;
		};
/* End PBXResourcesBuildPhase section */

/* Begin PBXShellScriptBuildPhase section */
		033692BE3DC9C89DD3DF0552 /* [CP] Check Pods Manifest.lock */ = {
			isa = PBXShellScriptBuildPhase;
			buildActionMask = 2147483647;
			files = (
			);
			inputFileListPaths = (
			);
			inputPaths = (
				"${PODS_PODFILE_DIR_PATH}/Podfile.lock",
				"${PODS_ROOT}/Manifest.lock",
			);
			name = "[CP] Check Pods Manifest.lock";
			outputFileListPaths = (
			);
			outputPaths = (
				"$(DERIVED_FILE_DIR)/Pods-JouleBookUITests-checkManifestLockResult.txt",
			);
			runOnlyForDeploymentPostprocessing = 0;
			shellPath = /bin/sh;
			shellScript = "diff \"${PODS_PODFILE_DIR_PATH}/Podfile.lock\" \"${PODS_ROOT}/Manifest.lock\" > /dev/null\nif [ $? != 0 ] ; then\n    # print error to STDERR\n    echo \"error: The sandbox is not in sync with the Podfile.lock. Run 'pod install' or update your CocoaPods installation.\" >&2\n    exit 1\nfi\n# This output is used by Xcode 'outputs' to avoid re-running this script phase.\necho \"SUCCESS\" > \"${SCRIPT_OUTPUT_FILE_0}\"\n";
			showEnvVarsInLog = 0;
		};
		28BEA3FCB5163FBBFE91E098 /* [CP] Embed Pods Frameworks */ = {
			isa = PBXShellScriptBuildPhase;
			buildActionMask = 2147483647;
			files = (
			);
			inputFileListPaths = (
				"${PODS_ROOT}/Target Support Files/Pods-JouleBookUI-JouleBookUIUITests/Pods-JouleBookUI-JouleBookUIUITests-frameworks-${CONFIGURATION}-input-files.xcfilelist",
			);
			name = "[CP] Embed Pods Frameworks";
			outputFileListPaths = (
				"${PODS_ROOT}/Target Support Files/Pods-JouleBookUI-JouleBookUIUITests/Pods-JouleBookUI-JouleBookUIUITests-frameworks-${CONFIGURATION}-output-files.xcfilelist",
			);
			runOnlyForDeploymentPostprocessing = 0;
			shellPath = /bin/sh;
			shellScript = "\"${PODS_ROOT}/Target Support Files/Pods-JouleBookUI-JouleBookUIUITests/Pods-JouleBookUI-JouleBookUIUITests-frameworks.sh\"\n";
			showEnvVarsInLog = 0;
		};
		2F965909BA86F8FABF329D35 /* [CP] Check Pods Manifest.lock */ = {
			isa = PBXShellScriptBuildPhase;
			buildActionMask = 2147483647;
			files = (
			);
			inputFileListPaths = (
			);
			inputPaths = (
				"${PODS_PODFILE_DIR_PATH}/Podfile.lock",
				"${PODS_ROOT}/Manifest.lock",
			);
			name = "[CP] Check Pods Manifest.lock";
			outputFileListPaths = (
			);
			outputPaths = (
				"$(DERIVED_FILE_DIR)/Pods-JouleBookUI-checkManifestLockResult.txt",
			);
			runOnlyForDeploymentPostprocessing = 0;
			shellPath = /bin/sh;
			shellScript = "diff \"${PODS_PODFILE_DIR_PATH}/Podfile.lock\" \"${PODS_ROOT}/Manifest.lock\" > /dev/null\nif [ $? != 0 ] ; then\n    # print error to STDERR\n    echo \"error: The sandbox is not in sync with the Podfile.lock. Run 'pod install' or update your CocoaPods installation.\" >&2\n    exit 1\nfi\n# This output is used by Xcode 'outputs' to avoid re-running this script phase.\necho \"SUCCESS\" > \"${SCRIPT_OUTPUT_FILE_0}\"\n";
			showEnvVarsInLog = 0;
		};
		6C9DDB87F21BB7B3987B486B /* [CP] Check Pods Manifest.lock */ = {
			isa = PBXShellScriptBuildPhase;
			buildActionMask = 2147483647;
			files = (
			);
			inputFileListPaths = (
			);
			inputPaths = (
				"${PODS_PODFILE_DIR_PATH}/Podfile.lock",
				"${PODS_ROOT}/Manifest.lock",
			);
			name = "[CP] Check Pods Manifest.lock";
			outputFileListPaths = (
			);
			outputPaths = (
				"$(DERIVED_FILE_DIR)/Pods-JouleBookUI-JouleBookUIUITests-checkManifestLockResult.txt",
			);
			runOnlyForDeploymentPostprocessing = 0;
			shellPath = /bin/sh;
			shellScript = "diff \"${PODS_PODFILE_DIR_PATH}/Podfile.lock\" \"${PODS_ROOT}/Manifest.lock\" > /dev/null\nif [ $? != 0 ] ; then\n    # print error to STDERR\n    echo \"error: The sandbox is not in sync with the Podfile.lock. Run 'pod install' or update your CocoaPods installation.\" >&2\n    exit 1\nfi\n# This output is used by Xcode 'outputs' to avoid re-running this script phase.\necho \"SUCCESS\" > \"${SCRIPT_OUTPUT_FILE_0}\"\n";
			showEnvVarsInLog = 0;
		};
		834465942AE9CCB3FEE8C4B4 /* [CP] Embed Pods Frameworks */ = {
			isa = PBXShellScriptBuildPhase;
			buildActionMask = 2147483647;
			files = (
			);
			inputFileListPaths = (
				"${PODS_ROOT}/Target Support Files/Pods-JouleBookUI/Pods-JouleBookUI-frameworks-${CONFIGURATION}-input-files.xcfilelist",
			);
			name = "[CP] Embed Pods Frameworks";
			outputFileListPaths = (
				"${PODS_ROOT}/Target Support Files/Pods-JouleBookUI/Pods-JouleBookUI-frameworks-${CONFIGURATION}-output-files.xcfilelist",
			);
			runOnlyForDeploymentPostprocessing = 0;
			shellPath = /bin/sh;
			shellScript = "\"${PODS_ROOT}/Target Support Files/Pods-JouleBookUI/Pods-JouleBookUI-frameworks.sh\"\n";
			showEnvVarsInLog = 0;
		};
/* End PBXShellScriptBuildPhase section */

/* Begin PBXSourcesBuildPhase section */
		2C49809723ED0A8100F2FB33 /* Sources */ = {
			isa = PBXSourcesBuildPhase;
			buildActionMask = 2147483647;
			files = (
				BF8D5D3F2403E0710052BFB0 /* BottomMainMenus.swift in Sources */,
				2C49809F23ED0A8100F2FB33 /* AppDelegate.swift in Sources */,
				BFEF59B52420D6F400762AE5 /* RKManager.swift in Sources */,
				BF84F307240984BA00F75839 /* ApiRequests.swift in Sources */,
				BF75D2AD2417A324005048B4 /* Licenses.swift in Sources */,
				2CC355C023F4EFF4003C7FE4 /* DealJsonDatas.swift in Sources */,
				BFEF59A724207B7E00762AE5 /* TimeOptions.swift in Sources */,
				BF8D5D412403E2F60052BFB0 /* GetHired.swift in Sources */,
				BFA119EA23FC021E005AEEC0 /* SignIn.swift in Sources */,
				BF025B0D24010FDB00BAF9A4 /* Welcome.swift in Sources */,
				BFDB8D70241CF3C200620B5E /* DateTimeOptions.swift in Sources */,
				BF84F2FE24077BCB00F75839 /* ViewRouter.swift in Sources */,
				BF84F2F42406886700F75839 /* ImageUrl.swift in Sources */,
				BF84F2EE2406644600F75839 /* ItemJobListRow.swift in Sources */,
				BF60DCAE241BD91900F86FE8 /* AddVehicleForm.swift in Sources */,
				BF5D512623FA36DA00D7048B /* DealDetail.swift in Sources */,
				BF84F2F2240664C000F75839 /* Coordinates.swift in Sources */,
				BF60DCAC241BD75E00F86FE8 /* AddLicenseForm.swift in Sources */,
				BFEF59B42420D6F400762AE5 /* RKColorSettings.swift in Sources */,
				BFA119E623FAFB20005AEEC0 /* Buttons.swift in Sources */,
				BF48073124284ADF003598C5 /* Vehicles.swift in Sources */,
				BFEF59B22420D6F400762AE5 /* RKCell.swift in Sources */,
				BFA119E423FAF622005AEEC0 /* Colors.swift in Sources */,
				BF8D5D432403E30C0052BFB0 /* Hire.swift in Sources */,
				BF8A7C7F240ACCCE004A45CA /* HttpAuth.swift in Sources */,
				BF84F2F82406BC6C00F75839 /* JobDetail.swift in Sources */,
				BFEF59B62420D6F400762AE5 /* RKWeekdayHeader.swift in Sources */,
				BFA119DF23FAF15C005AEEC0 /* HorizontalLine.swift in Sources */,
				BF8D5D4F240591D20052BFB0 /* RatingBar.swift in Sources */,
				BF496FE72411195E00048EAB /* AccountMenus.swift in Sources */,
				BF025B0924010E9E00BAF9A4 /* PageControl.swift in Sources */,
				BF8D5D3D2403845F0052BFB0 /* InstantCategoryRow.swift in Sources */,
				BFEF59BA2420DDB200762AE5 /* DateSelectorModal.swift in Sources */,
				BFEF59B02420D6F400762AE5 /* RKDate.swift in Sources */,
				BF60DCB2241BE6AE00F86FE8 /* VehicleItemRow.swift in Sources */,
				BF60DCB0241BDBD400F86FE8 /* AddInsuranceForm.swift in Sources */,
				BFEF59B12420D6F400762AE5 /* RKMonth.swift in Sources */,
				BF16B91124014097005CEE07 /* MainMenu.swift in Sources */,
				BF8A7C7B240A718C004A45CA /* Client.swift in Sources */,
				BF75D2AB24179DB8005048B4 /* EditSkills.swift in Sources */,
				BF7ED189240B76FC00788A6D /* StaticStrings.swift in Sources */,
				BFA30E752423CC230041004A /* DateFunc.swift in Sources */,
				BF84F2F624068D9300F75839 /* Fonts.swift in Sources */,
				BF8A7C7D240A74BB004A45CA /* Endpoint.swift in Sources */,
				BF930A8B240BA26B009AFB65 /* RequestInterceptor.swift in Sources */,
				BF8D5D492405055E0052BFB0 /* TopTabbar.swift in Sources */,
				BF3535B02418827A001EE48C /* AddImageBtn.swift in Sources */,
				2CF5AEBF23EEC09A0049A940 /* ItemDealListRow.swift in Sources */,
				BFA119E823FBF30D005AEEC0 /* Dimens.swift in Sources */,
				BF524FF324247EEF0063AE01 /* CandidateItemRow.swift in Sources */,
				BF025B022400E4EB00BAF9A4 /* SmallTextLink.swift in Sources */,
				BF84F3022408CF9600F75839 /* UserDefault.swift in Sources */,
				BF334CBA24123E5C009B3218 /* MyAccount.swift in Sources */,
				BF524FF524247F1B0063AE01 /* Candidate.swift in Sources */,
				BF524FF724251AB70063AE01 /* Texts.swift in Sources */,
				2CD0599B23ED47C80031D99D /* CircleImage.swift in Sources */,
				2CD0599F23ED5A0D0031D99D /* MapView.swift in Sources */,
				2C4980A123ED0A8100F2FB33 /* SceneDelegate.swift in Sources */,
				BFDB8D72241D1A1800620B5E /* TimeSlots.swift in Sources */,
				BF8B386224270F4500F003DA /* Candidatedetail.swift in Sources */,
				BF60DCB6241BF6B900F86FE8 /* BottomSheetView.swift in Sources */,
				BF75D2AF2417A353005048B4 /* LicenseItemRow.swift in Sources */,
				BF16B913240142CC005CEE07 /* IconText.swift in Sources */,
				BF109394241E2AE500EC7B9A /* FormattedTextField.swift in Sources */,
				BF8D52C42413556700545DB4 /* ProviderProfile.swift in Sources */,
				BF8D5D452403E3210052BFB0 /* Summary.swift in Sources */,
				2C4980A323ED0A8100F2FB33 /* ContentView.swift in Sources */,
				BF8D5D472403E3340052BFB0 /* Schedule.swift in Sources */,
				BF84F2FC2407641800F75839 /* BaseView.swift in Sources */,
				BF025B0724010E5800BAF9A4 /* PageViewController.swift in Sources */,
				2C06ECAC23F6AC4300EDC750 /* SignUp.swift in Sources */,
				BF84F3052409694700F75839 /* Authentication.swift in Sources */,
				BF84F300240781DF00F75839 /* VTextIcon.swift in Sources */,
				BF60DCB4241BE89900F86FE8 /* InsuranceItemRow.swift in Sources */,
				BF025B0B24010F5300BAF9A4 /* SubSliderView.swift in Sources */,
				BF8D5D3B240384290052BFB0 /* Home.swift in Sources */,
				BFEF59B32420D6F400762AE5 /* RKViewController.swift in Sources */,
				BF5D512423FA366C00D7048B /* Deal.swift in Sources */,
				2CC355C323F56544003C7FE4 /* DealList.swift in Sources */,
				2C06ECAE23F6AD4000EDC750 /* UserView.swift in Sources */,
				BF025AFE23FFE04800BAF9A4 /* PhoneVerification.swift in Sources */,
				BFDB8D6B241C903100620B5E /* AddDealForm.swift in Sources */,
				BFC15C212413BD21006C245B /* TagList.swift in Sources */,
				BF8D5D4D240581330052BFB0 /* GridCollection.swift in Sources */,
				BF334CBE241247C7009B3218 /* MyProfile.swift in Sources */,
				BF85968324261B9600CDDAC1 /* InstantCatView.swift in Sources */,
				BF84F2F02406646700F75839 /* Job.swift in Sources */,
				BFDB8D6E241C904B00620B5E /* AddJobForm.swift in Sources */,
			);
			runOnlyForDeploymentPostprocessing = 0;
		};
		2C4980AD23ED0A9200F2FB33 /* Sources */ = {
			isa = PBXSourcesBuildPhase;
			buildActionMask = 2147483647;
			files = (
				2C4980B623ED0A9200F2FB33 /* JouleBookUITests.swift in Sources */,
			);
			runOnlyForDeploymentPostprocessing = 0;
		};
		2C4980B823ED0A9200F2FB33 /* Sources */ = {
			isa = PBXSourcesBuildPhase;
			buildActionMask = 2147483647;
			files = (
				2C4980C123ED0A9200F2FB33 /* JouleBookUIUITests.swift in Sources */,
			);
			runOnlyForDeploymentPostprocessing = 0;
		};
/* End PBXSourcesBuildPhase section */

/* Begin PBXTargetDependency section */
		2C4980B323ED0A9200F2FB33 /* PBXTargetDependency */ = {
			isa = PBXTargetDependency;
			target = 2C49809A23ED0A8100F2FB33 /* JouleBookUI */;
			targetProxy = 2C4980B223ED0A9200F2FB33 /* PBXContainerItemProxy */;
		};
		2C4980BE23ED0A9200F2FB33 /* PBXTargetDependency */ = {
			isa = PBXTargetDependency;
			target = 2C49809A23ED0A8100F2FB33 /* JouleBookUI */;
			targetProxy = 2C4980BD23ED0A9200F2FB33 /* PBXContainerItemProxy */;
		};
/* End PBXTargetDependency section */

/* Begin PBXVariantGroup section */
		2C4980A923ED0A9100F2FB33 /* LaunchScreen.storyboard */ = {
			isa = PBXVariantGroup;
			children = (
				2C4980AA23ED0A9100F2FB33 /* Base */,
			);
			name = LaunchScreen.storyboard;
			sourceTree = "<group>";
		};
/* End PBXVariantGroup section */

/* Begin XCBuildConfiguration section */
		2C4980C323ED0A9200F2FB33 /* Debug */ = {
			isa = XCBuildConfiguration;
			buildSettings = {
				ALWAYS_SEARCH_USER_PATHS = NO;
				CLANG_ANALYZER_NONNULL = YES;
				CLANG_ANALYZER_NUMBER_OBJECT_CONVERSION = YES_AGGRESSIVE;
				CLANG_CXX_LANGUAGE_STANDARD = "gnu++14";
				CLANG_CXX_LIBRARY = "libc++";
				CLANG_ENABLE_MODULES = YES;
				CLANG_ENABLE_OBJC_ARC = YES;
				CLANG_ENABLE_OBJC_WEAK = YES;
				CLANG_WARN_BLOCK_CAPTURE_AUTORELEASING = YES;
				CLANG_WARN_BOOL_CONVERSION = YES;
				CLANG_WARN_COMMA = YES;
				CLANG_WARN_CONSTANT_CONVERSION = YES;
				CLANG_WARN_DEPRECATED_OBJC_IMPLEMENTATIONS = YES;
				CLANG_WARN_DIRECT_OBJC_ISA_USAGE = YES_ERROR;
				CLANG_WARN_DOCUMENTATION_COMMENTS = YES;
				CLANG_WARN_EMPTY_BODY = YES;
				CLANG_WARN_ENUM_CONVERSION = YES;
				CLANG_WARN_INFINITE_RECURSION = YES;
				CLANG_WARN_INT_CONVERSION = YES;
				CLANG_WARN_NON_LITERAL_NULL_CONVERSION = YES;
				CLANG_WARN_OBJC_IMPLICIT_RETAIN_SELF = YES;
				CLANG_WARN_OBJC_LITERAL_CONVERSION = YES;
				CLANG_WARN_OBJC_ROOT_CLASS = YES_ERROR;
				CLANG_WARN_RANGE_LOOP_ANALYSIS = YES;
				CLANG_WARN_STRICT_PROTOTYPES = YES;
				CLANG_WARN_SUSPICIOUS_MOVE = YES;
				CLANG_WARN_UNGUARDED_AVAILABILITY = YES_AGGRESSIVE;
				CLANG_WARN_UNREACHABLE_CODE = YES;
				CLANG_WARN__DUPLICATE_METHOD_MATCH = YES;
				COPY_PHASE_STRIP = NO;
				DEBUG_INFORMATION_FORMAT = dwarf;
				ENABLE_STRICT_OBJC_MSGSEND = YES;
				ENABLE_TESTABILITY = YES;
				GCC_C_LANGUAGE_STANDARD = gnu11;
				GCC_DYNAMIC_NO_PIC = NO;
				GCC_NO_COMMON_BLOCKS = YES;
				GCC_OPTIMIZATION_LEVEL = 0;
				GCC_PREPROCESSOR_DEFINITIONS = (
					"DEBUG=1",
					"$(inherited)",
				);
				GCC_WARN_64_TO_32_BIT_CONVERSION = YES;
				GCC_WARN_ABOUT_RETURN_TYPE = YES_ERROR;
				GCC_WARN_UNDECLARED_SELECTOR = YES;
				GCC_WARN_UNINITIALIZED_AUTOS = YES_AGGRESSIVE;
				GCC_WARN_UNUSED_FUNCTION = YES;
				GCC_WARN_UNUSED_VARIABLE = YES;
				IPHONEOS_DEPLOYMENT_TARGET = 13.0;
				MTL_ENABLE_DEBUG_INFO = INCLUDE_SOURCE;
				MTL_FAST_MATH = YES;
				ONLY_ACTIVE_ARCH = YES;
				SDKROOT = iphoneos;
				SWIFT_ACTIVE_COMPILATION_CONDITIONS = DEBUG;
				"SWIFT_COMPILATION_MODE[arch=*]" = singlefile;
				SWIFT_OPTIMIZATION_LEVEL = "-Onone";
			};
			name = Debug;
		};
		2C4980C423ED0A9200F2FB33 /* Release */ = {
			isa = XCBuildConfiguration;
			buildSettings = {
				ALWAYS_SEARCH_USER_PATHS = NO;
				CLANG_ANALYZER_NONNULL = YES;
				CLANG_ANALYZER_NUMBER_OBJECT_CONVERSION = YES_AGGRESSIVE;
				CLANG_CXX_LANGUAGE_STANDARD = "gnu++14";
				CLANG_CXX_LIBRARY = "libc++";
				CLANG_ENABLE_MODULES = YES;
				CLANG_ENABLE_OBJC_ARC = YES;
				CLANG_ENABLE_OBJC_WEAK = YES;
				CLANG_WARN_BLOCK_CAPTURE_AUTORELEASING = YES;
				CLANG_WARN_BOOL_CONVERSION = YES;
				CLANG_WARN_COMMA = YES;
				CLANG_WARN_CONSTANT_CONVERSION = YES;
				CLANG_WARN_DEPRECATED_OBJC_IMPLEMENTATIONS = YES;
				CLANG_WARN_DIRECT_OBJC_ISA_USAGE = YES_ERROR;
				CLANG_WARN_DOCUMENTATION_COMMENTS = YES;
				CLANG_WARN_EMPTY_BODY = YES;
				CLANG_WARN_ENUM_CONVERSION = YES;
				CLANG_WARN_INFINITE_RECURSION = YES;
				CLANG_WARN_INT_CONVERSION = YES;
				CLANG_WARN_NON_LITERAL_NULL_CONVERSION = YES;
				CLANG_WARN_OBJC_IMPLICIT_RETAIN_SELF = YES;
				CLANG_WARN_OBJC_LITERAL_CONVERSION = YES;
				CLANG_WARN_OBJC_ROOT_CLASS = YES_ERROR;
				CLANG_WARN_RANGE_LOOP_ANALYSIS = YES;
				CLANG_WARN_STRICT_PROTOTYPES = YES;
				CLANG_WARN_SUSPICIOUS_MOVE = YES;
				CLANG_WARN_UNGUARDED_AVAILABILITY = YES_AGGRESSIVE;
				CLANG_WARN_UNREACHABLE_CODE = YES;
				CLANG_WARN__DUPLICATE_METHOD_MATCH = YES;
				COPY_PHASE_STRIP = NO;
				DEBUG_INFORMATION_FORMAT = "dwarf-with-dsym";
				ENABLE_NS_ASSERTIONS = NO;
				ENABLE_STRICT_OBJC_MSGSEND = YES;
				GCC_C_LANGUAGE_STANDARD = gnu11;
				GCC_NO_COMMON_BLOCKS = YES;
				GCC_WARN_64_TO_32_BIT_CONVERSION = YES;
				GCC_WARN_ABOUT_RETURN_TYPE = YES_ERROR;
				GCC_WARN_UNDECLARED_SELECTOR = YES;
				GCC_WARN_UNINITIALIZED_AUTOS = YES_AGGRESSIVE;
				GCC_WARN_UNUSED_FUNCTION = YES;
				GCC_WARN_UNUSED_VARIABLE = YES;
				IPHONEOS_DEPLOYMENT_TARGET = 13.0;
				MTL_ENABLE_DEBUG_INFO = NO;
				MTL_FAST_MATH = YES;
				SDKROOT = iphoneos;
				SWIFT_COMPILATION_MODE = wholemodule;
				"SWIFT_COMPILATION_MODE[arch=*]" = wholemodule;
				SWIFT_OPTIMIZATION_LEVEL = "-O";
				VALIDATE_PRODUCT = YES;
			};
			name = Release;
		};
		2C4980C623ED0A9200F2FB33 /* Debug */ = {
			isa = XCBuildConfiguration;
			baseConfigurationReference = 1C6D2F49FD2F656F64482C99 /* Pods-JouleBookUI.debug.xcconfig */;
			buildSettings = {
				ASSETCATALOG_COMPILER_APPICON_NAME = AppIcon;
				CODE_SIGN_STYLE = Automatic;
				DEVELOPMENT_ASSET_PATHS = "JouleBookUI/Preview\\ Content";
				DEVELOPMENT_TEAM = Z29526PLGJ;
				ENABLE_PREVIEWS = YES;
				INFOPLIST_FILE = JouleBookUI/Info.plist;
				LD_RUNPATH_SEARCH_PATHS = (
					"$(inherited)",
					"@executable_path/Frameworks",
				);
				PRODUCT_BUNDLE_IDENTIFIER = ISOWEB.JouleBookUI;
				PRODUCT_NAME = "$(TARGET_NAME)";
				SWIFT_VERSION = 5.0;
				TARGETED_DEVICE_FAMILY = "1,2";
			};
			name = Debug;
		};
		2C4980C723ED0A9200F2FB33 /* Release */ = {
			isa = XCBuildConfiguration;
			baseConfigurationReference = 6FD803C3670244D865D0AB8E /* Pods-JouleBookUI.release.xcconfig */;
			buildSettings = {
				ASSETCATALOG_COMPILER_APPICON_NAME = AppIcon;
				CODE_SIGN_STYLE = Automatic;
				DEVELOPMENT_ASSET_PATHS = "JouleBookUI/Preview\\ Content";
				DEVELOPMENT_TEAM = Z29526PLGJ;
				ENABLE_PREVIEWS = YES;
				INFOPLIST_FILE = JouleBookUI/Info.plist;
				LD_RUNPATH_SEARCH_PATHS = (
					"$(inherited)",
					"@executable_path/Frameworks",
				);
				PRODUCT_BUNDLE_IDENTIFIER = ISOWEB.JouleBookUI;
				PRODUCT_NAME = "$(TARGET_NAME)";
				SWIFT_VERSION = 5.0;
				TARGETED_DEVICE_FAMILY = "1,2";
			};
			name = Release;
		};
		2C4980C923ED0A9200F2FB33 /* Debug */ = {
			isa = XCBuildConfiguration;
			baseConfigurationReference = 168071E6FD3AE0C747D32F37 /* Pods-JouleBookUITests.debug.xcconfig */;
			buildSettings = {
				ALWAYS_EMBED_SWIFT_STANDARD_LIBRARIES = YES;
				BUNDLE_LOADER = "$(TEST_HOST)";
				CODE_SIGN_STYLE = Automatic;
				DEVELOPMENT_TEAM = Z29526PLGJ;
				INFOPLIST_FILE = JouleBookUITests/Info.plist;
				LD_RUNPATH_SEARCH_PATHS = (
					"$(inherited)",
					"@executable_path/Frameworks",
					"@loader_path/Frameworks",
				);
				PRODUCT_BUNDLE_IDENTIFIER = ISOWEB.JouleBookUITests;
				PRODUCT_NAME = "$(TARGET_NAME)";
				SWIFT_VERSION = 5.0;
				TARGETED_DEVICE_FAMILY = "1,2";
				TEST_HOST = "$(BUILT_PRODUCTS_DIR)/JouleBookUI.app/JouleBookUI";
			};
			name = Debug;
		};
		2C4980CA23ED0A9200F2FB33 /* Release */ = {
			isa = XCBuildConfiguration;
			baseConfigurationReference = FDEB4D1B8F4D8A0F74E92CD3 /* Pods-JouleBookUITests.release.xcconfig */;
			buildSettings = {
				ALWAYS_EMBED_SWIFT_STANDARD_LIBRARIES = YES;
				BUNDLE_LOADER = "$(TEST_HOST)";
				CODE_SIGN_STYLE = Automatic;
				DEVELOPMENT_TEAM = Z29526PLGJ;
				INFOPLIST_FILE = JouleBookUITests/Info.plist;
				LD_RUNPATH_SEARCH_PATHS = (
					"$(inherited)",
					"@executable_path/Frameworks",
					"@loader_path/Frameworks",
				);
				PRODUCT_BUNDLE_IDENTIFIER = ISOWEB.JouleBookUITests;
				PRODUCT_NAME = "$(TARGET_NAME)";
				SWIFT_VERSION = 5.0;
				TARGETED_DEVICE_FAMILY = "1,2";
				TEST_HOST = "$(BUILT_PRODUCTS_DIR)/JouleBookUI.app/JouleBookUI";
			};
			name = Release;
		};
		2C4980CC23ED0A9200F2FB33 /* Debug */ = {
			isa = XCBuildConfiguration;
			baseConfigurationReference = 12A0A4F74FFEE70E03998D14 /* Pods-JouleBookUI-JouleBookUIUITests.debug.xcconfig */;
			buildSettings = {
				ALWAYS_EMBED_SWIFT_STANDARD_LIBRARIES = YES;
				CODE_SIGN_STYLE = Automatic;
				DEVELOPMENT_TEAM = Z29526PLGJ;
				INFOPLIST_FILE = JouleBookUIUITests/Info.plist;
				LD_RUNPATH_SEARCH_PATHS = (
					"$(inherited)",
					"@executable_path/Frameworks",
					"@loader_path/Frameworks",
				);
				PRODUCT_BUNDLE_IDENTIFIER = ISOWEB.JouleBookUIUITests;
				PRODUCT_NAME = "$(TARGET_NAME)";
				SWIFT_VERSION = 5.0;
				TARGETED_DEVICE_FAMILY = "1,2";
				TEST_TARGET_NAME = JouleBookUI;
			};
			name = Debug;
		};
		2C4980CD23ED0A9200F2FB33 /* Release */ = {
			isa = XCBuildConfiguration;
			baseConfigurationReference = CB4B914C8B44D1A33EC02B23 /* Pods-JouleBookUI-JouleBookUIUITests.release.xcconfig */;
			buildSettings = {
				ALWAYS_EMBED_SWIFT_STANDARD_LIBRARIES = YES;
				CODE_SIGN_STYLE = Automatic;
				DEVELOPMENT_TEAM = Z29526PLGJ;
				INFOPLIST_FILE = JouleBookUIUITests/Info.plist;
				LD_RUNPATH_SEARCH_PATHS = (
					"$(inherited)",
					"@executable_path/Frameworks",
					"@loader_path/Frameworks",
				);
				PRODUCT_BUNDLE_IDENTIFIER = ISOWEB.JouleBookUIUITests;
				PRODUCT_NAME = "$(TARGET_NAME)";
				SWIFT_VERSION = 5.0;
				TARGETED_DEVICE_FAMILY = "1,2";
				TEST_TARGET_NAME = JouleBookUI;
			};
			name = Release;
		};
/* End XCBuildConfiguration section */

/* Begin XCConfigurationList section */
		2C49809623ED0A8100F2FB33 /* Build configuration list for PBXProject "JouleBookUI" */ = {
			isa = XCConfigurationList;
			buildConfigurations = (
				2C4980C323ED0A9200F2FB33 /* Debug */,
				2C4980C423ED0A9200F2FB33 /* Release */,
			);
			defaultConfigurationIsVisible = 0;
			defaultConfigurationName = Release;
		};
		2C4980C523ED0A9200F2FB33 /* Build configuration list for PBXNativeTarget "JouleBookUI" */ = {
			isa = XCConfigurationList;
			buildConfigurations = (
				2C4980C623ED0A9200F2FB33 /* Debug */,
				2C4980C723ED0A9200F2FB33 /* Release */,
			);
			defaultConfigurationIsVisible = 0;
			defaultConfigurationName = Release;
		};
		2C4980C823ED0A9200F2FB33 /* Build configuration list for PBXNativeTarget "JouleBookUITests" */ = {
			isa = XCConfigurationList;
			buildConfigurations = (
				2C4980C923ED0A9200F2FB33 /* Debug */,
				2C4980CA23ED0A9200F2FB33 /* Release */,
			);
			defaultConfigurationIsVisible = 0;
			defaultConfigurationName = Release;
		};
		2C4980CB23ED0A9200F2FB33 /* Build configuration list for PBXNativeTarget "JouleBookUIUITests" */ = {
			isa = XCConfigurationList;
			buildConfigurations = (
				2C4980CC23ED0A9200F2FB33 /* Debug */,
				2C4980CD23ED0A9200F2FB33 /* Release */,
			);
			defaultConfigurationIsVisible = 0;
			defaultConfigurationName = Release;
		};
/* End XCConfigurationList section */

/* Begin XCRemoteSwiftPackageReference section */
		2C9DF2E523F66F1300B576BB /* XCRemoteSwiftPackageReference "url-image" */ = {
			isa = XCRemoteSwiftPackageReference;
			repositoryURL = "https://github.com/dmytro-anokhin/url-image.git";
			requirement = {
				kind = upToNextMajorVersion;
				minimumVersion = 0.9.10;
			};
		};
		BF3DFD80241F6EB2004EFDFC /* XCRemoteSwiftPackageReference "ClockTimePicker" */ = {
			isa = XCRemoteSwiftPackageReference;
			repositoryURL = "https://github.com/workingDog/ClockTimePicker.git";
			requirement = {
				kind = upToNextMajorVersion;
				minimumVersion = 1.0.3;
			};
		};
/* End XCRemoteSwiftPackageReference section */

/* Begin XCSwiftPackageProductDependency section */
		2C9DF2E623F66F1300B576BB /* URLImage */ = {
			isa = XCSwiftPackageProductDependency;
			package = 2C9DF2E523F66F1300B576BB /* XCRemoteSwiftPackageReference "url-image" */;
			productName = URLImage;
		};
		BF3DFD81241F6EB2004EFDFC /* ClockTimePicker */ = {
			isa = XCSwiftPackageProductDependency;
			package = BF3DFD80241F6EB2004EFDFC /* XCRemoteSwiftPackageReference "ClockTimePicker" */;
			productName = ClockTimePicker;
		};
/* End XCSwiftPackageProductDependency section */
	};
	rootObject = 2C49809323ED0A8100F2FB33 /* Project object */;
}
